// !$*UTF8*$!
{
	archiveVersion = 1;
	classes = {
	};
	objectVersion = 56;
	objects = {

/* Begin PBXBuildFile section */
		A70882F82D0ABF7F00E7DF43 /* FirebaseAuth in Frameworks */ = {isa = PBXBuildFile; productRef = A70882F72D0ABF7F00E7DF43 /* FirebaseAuth */; };
		A70882FC2D0AC0BA00E7DF43 /* AppDelegate.swift in Sources */ = {isa = PBXBuildFile; fileRef = A70882FB2D0AC0BA00E7DF43 /* AppDelegate.swift */; };
		A70882FE2D0AC1E300E7DF43 /* GoogleService-Info.plist in Resources */ = {isa = PBXBuildFile; fileRef = A70882FD2D0AC1E300E7DF43 /* GoogleService-Info.plist */; };
		A7120EBF2D15410C00EF3FA9 /* Launch Screen.storyboard in Resources */ = {isa = PBXBuildFile; fileRef = A7120EBE2D15410C00EF3FA9 /* Launch Screen.storyboard */; };
		A7120EF72D15422300EF3FA9 /* SourGummy-Regular.ttf in Resources */ = {isa = PBXBuildFile; fileRef = A7120EF12D15422300EF3FA9 /* SourGummy-Regular.ttf */; };
		A7120EF82D15422300EF3FA9 /* SourGummy_Expanded-Bold.ttf in Resources */ = {isa = PBXBuildFile; fileRef = A7120EC22D15422300EF3FA9 /* SourGummy_Expanded-Bold.ttf */; };
		A7120EF92D15422300EF3FA9 /* SourGummy_SemiExpanded-SemiBoldItalic.ttf in Resources */ = {isa = PBXBuildFile; fileRef = A7120EE12D15422300EF3FA9 /* SourGummy_SemiExpanded-SemiBoldItalic.ttf */; };
		A7120EFA2D15422300EF3FA9 /* SourGummy_Expanded-ThinItalic.ttf in Resources */ = {isa = PBXBuildFile; fileRef = A7120ED12D15422300EF3FA9 /* SourGummy_Expanded-ThinItalic.ttf */; };
		A7120EFB2D15422300EF3FA9 /* SourGummy_Expanded-Medium.ttf in Resources */ = {isa = PBXBuildFile; fileRef = A7120ECB2D15422300EF3FA9 /* SourGummy_Expanded-Medium.ttf */; };
		A7120EFC2D15422300EF3FA9 /* SourGummy-SemiBold.ttf in Resources */ = {isa = PBXBuildFile; fileRef = A7120EF22D15422300EF3FA9 /* SourGummy-SemiBold.ttf */; };
		A7120EFD2D15422300EF3FA9 /* SourGummy_SemiExpanded-Light.ttf in Resources */ = {isa = PBXBuildFile; fileRef = A7120EDB2D15422300EF3FA9 /* SourGummy_SemiExpanded-Light.ttf */; };
		A7120EFE2D15422300EF3FA9 /* SourGummy_SemiExpanded-Medium.ttf in Resources */ = {isa = PBXBuildFile; fileRef = A7120EDD2D15422300EF3FA9 /* SourGummy_SemiExpanded-Medium.ttf */; };
		A7120EFF2D15422300EF3FA9 /* SourGummy_Expanded-Thin.ttf in Resources */ = {isa = PBXBuildFile; fileRef = A7120ED02D15422300EF3FA9 /* SourGummy_Expanded-Thin.ttf */; };
		A7120F002D15422300EF3FA9 /* SourGummy-ExtraBold.ttf in Resources */ = {isa = PBXBuildFile; fileRef = A7120EE82D15422300EF3FA9 /* SourGummy-ExtraBold.ttf */; };
		A7120F012D15422300EF3FA9 /* SourGummy-BlackItalic.ttf in Resources */ = {isa = PBXBuildFile; fileRef = A7120EE52D15422300EF3FA9 /* SourGummy-BlackItalic.ttf */; };
		A7120F022D15422300EF3FA9 /* SourGummy-BoldItalic.ttf in Resources */ = {isa = PBXBuildFile; fileRef = A7120EE72D15422300EF3FA9 /* SourGummy-BoldItalic.ttf */; };
		A7120F032D15422300EF3FA9 /* SourGummy_Expanded-SemiBoldItalic.ttf in Resources */ = {isa = PBXBuildFile; fileRef = A7120ECF2D15422300EF3FA9 /* SourGummy_Expanded-SemiBoldItalic.ttf */; };
		A7120F042D15422300EF3FA9 /* SourGummy_Expanded-BlackItalic.ttf in Resources */ = {isa = PBXBuildFile; fileRef = A7120EC12D15422300EF3FA9 /* SourGummy_Expanded-BlackItalic.ttf */; };
		A7120F052D15422300EF3FA9 /* SourGummy_Expanded-MediumItalic.ttf in Resources */ = {isa = PBXBuildFile; fileRef = A7120ECC2D15422300EF3FA9 /* SourGummy_Expanded-MediumItalic.ttf */; };
		A7120F062D15422300EF3FA9 /* SourGummy_SemiExpanded-ExtraBold.ttf in Resources */ = {isa = PBXBuildFile; fileRef = A7120ED62D15422300EF3FA9 /* SourGummy_SemiExpanded-ExtraBold.ttf */; };
		A7120F072D15422300EF3FA9 /* SourGummy_Expanded-LightItalic.ttf in Resources */ = {isa = PBXBuildFile; fileRef = A7120ECA2D15422300EF3FA9 /* SourGummy_Expanded-LightItalic.ttf */; };
		A7120F082D15422300EF3FA9 /* SourGummy_Expanded-Light.ttf in Resources */ = {isa = PBXBuildFile; fileRef = A7120EC92D15422300EF3FA9 /* SourGummy_Expanded-Light.ttf */; };
		A7120F092D15422300EF3FA9 /* SourGummy_SemiExpanded-ExtraBoldItalic.ttf in Resources */ = {isa = PBXBuildFile; fileRef = A7120ED72D15422300EF3FA9 /* SourGummy_SemiExpanded-ExtraBoldItalic.ttf */; };
		A7120F0A2D15422300EF3FA9 /* SourGummy_SemiExpanded-Thin.ttf in Resources */ = {isa = PBXBuildFile; fileRef = A7120EE22D15422300EF3FA9 /* SourGummy_SemiExpanded-Thin.ttf */; };
		A7120F0B2D15422300EF3FA9 /* SourGummy-Bold.ttf in Resources */ = {isa = PBXBuildFile; fileRef = A7120EE62D15422300EF3FA9 /* SourGummy-Bold.ttf */; };
		A7120F0C2D15422300EF3FA9 /* SourGummy-Black.ttf in Resources */ = {isa = PBXBuildFile; fileRef = A7120EE42D15422300EF3FA9 /* SourGummy-Black.ttf */; };
		A7120F0D2D15422300EF3FA9 /* SourGummy_SemiExpanded-BlackItalic.ttf in Resources */ = {isa = PBXBuildFile; fileRef = A7120ED32D15422300EF3FA9 /* SourGummy_SemiExpanded-BlackItalic.ttf */; };
		A7120F0E2D15422300EF3FA9 /* SourGummy_SemiExpanded-BoldItalic.ttf in Resources */ = {isa = PBXBuildFile; fileRef = A7120ED52D15422300EF3FA9 /* SourGummy_SemiExpanded-BoldItalic.ttf */; };
		A7120F0F2D15422300EF3FA9 /* SourGummy-LightItalic.ttf in Resources */ = {isa = PBXBuildFile; fileRef = A7120EEE2D15422300EF3FA9 /* SourGummy-LightItalic.ttf */; };
		A7120F102D15422300EF3FA9 /* SourGummy_Expanded-ExtraLightItalic.ttf in Resources */ = {isa = PBXBuildFile; fileRef = A7120EC72D15422300EF3FA9 /* SourGummy_Expanded-ExtraLightItalic.ttf */; };
		A7120F112D15422300EF3FA9 /* SourGummy_SemiExpanded-SemiBold.ttf in Resources */ = {isa = PBXBuildFile; fileRef = A7120EE02D15422300EF3FA9 /* SourGummy_SemiExpanded-SemiBold.ttf */; };
		A7120F122D15422300EF3FA9 /* SourGummy-Thin.ttf in Resources */ = {isa = PBXBuildFile; fileRef = A7120EF42D15422300EF3FA9 /* SourGummy-Thin.ttf */; };
		A7120F132D15422300EF3FA9 /* SourGummy_SemiExpanded-LightItalic.ttf in Resources */ = {isa = PBXBuildFile; fileRef = A7120EDC2D15422300EF3FA9 /* SourGummy_SemiExpanded-LightItalic.ttf */; };
		A7120F142D15422300EF3FA9 /* SourGummy_SemiExpanded-MediumItalic.ttf in Resources */ = {isa = PBXBuildFile; fileRef = A7120EDE2D15422300EF3FA9 /* SourGummy_SemiExpanded-MediumItalic.ttf */; };
		A7120F152D15422300EF3FA9 /* SourGummy-ThinItalic.ttf in Resources */ = {isa = PBXBuildFile; fileRef = A7120EF52D15422300EF3FA9 /* SourGummy-ThinItalic.ttf */; };
		A7120F162D15422300EF3FA9 /* SourGummy-Italic.ttf in Resources */ = {isa = PBXBuildFile; fileRef = A7120EEC2D15422300EF3FA9 /* SourGummy-Italic.ttf */; };
		A7120F172D15422300EF3FA9 /* SourGummy_Expanded-ExtraBold.ttf in Resources */ = {isa = PBXBuildFile; fileRef = A7120EC42D15422300EF3FA9 /* SourGummy_Expanded-ExtraBold.ttf */; };
		A7120F182D15422300EF3FA9 /* SourGummy_SemiExpanded-ExtraLight.ttf in Resources */ = {isa = PBXBuildFile; fileRef = A7120ED82D15422300EF3FA9 /* SourGummy_SemiExpanded-ExtraLight.ttf */; };
		A7120F192D15422300EF3FA9 /* SourGummy_Expanded-Black.ttf in Resources */ = {isa = PBXBuildFile; fileRef = A7120EC02D15422300EF3FA9 /* SourGummy_Expanded-Black.ttf */; };
		A7120F1A2D15422300EF3FA9 /* SourGummy_SemiExpanded-Bold.ttf in Resources */ = {isa = PBXBuildFile; fileRef = A7120ED42D15422300EF3FA9 /* SourGummy_SemiExpanded-Bold.ttf */; };
		A7120F1B2D15422300EF3FA9 /* SourGummy_Expanded-ExtraBoldItalic.ttf in Resources */ = {isa = PBXBuildFile; fileRef = A7120EC52D15422300EF3FA9 /* SourGummy_Expanded-ExtraBoldItalic.ttf */; };
		A7120F1C2D15422300EF3FA9 /* SourGummy-ExtraLight.ttf in Resources */ = {isa = PBXBuildFile; fileRef = A7120EEA2D15422300EF3FA9 /* SourGummy-ExtraLight.ttf */; };
		A7120F1D2D15422300EF3FA9 /* SourGummy-ExtraLightItalic.ttf in Resources */ = {isa = PBXBuildFile; fileRef = A7120EEB2D15422300EF3FA9 /* SourGummy-ExtraLightItalic.ttf */; };
		A7120F1E2D15422300EF3FA9 /* SourGummy_SemiExpanded-ExtraLightItalic.ttf in Resources */ = {isa = PBXBuildFile; fileRef = A7120ED92D15422300EF3FA9 /* SourGummy_SemiExpanded-ExtraLightItalic.ttf */; };
		A7120F1F2D15422300EF3FA9 /* SourGummy_SemiExpanded-Italic.ttf in Resources */ = {isa = PBXBuildFile; fileRef = A7120EDA2D15422300EF3FA9 /* SourGummy_SemiExpanded-Italic.ttf */; };
		A7120F202D15422300EF3FA9 /* SourGummy_Expanded-Regular.ttf in Resources */ = {isa = PBXBuildFile; fileRef = A7120ECD2D15422300EF3FA9 /* SourGummy_Expanded-Regular.ttf */; };
		A7120F212D15422300EF3FA9 /* SourGummy_SemiExpanded-Black.ttf in Resources */ = {isa = PBXBuildFile; fileRef = A7120ED22D15422300EF3FA9 /* SourGummy_SemiExpanded-Black.ttf */; };
		A7120F222D15422300EF3FA9 /* SourGummy_Expanded-ExtraLight.ttf in Resources */ = {isa = PBXBuildFile; fileRef = A7120EC62D15422300EF3FA9 /* SourGummy_Expanded-ExtraLight.ttf */; };
		A7120F232D15422300EF3FA9 /* SourGummy-ExtraBoldItalic.ttf in Resources */ = {isa = PBXBuildFile; fileRef = A7120EE92D15422300EF3FA9 /* SourGummy-ExtraBoldItalic.ttf */; };
		A7120F242D15422300EF3FA9 /* SourGummy-SemiBoldItalic.ttf in Resources */ = {isa = PBXBuildFile; fileRef = A7120EF32D15422300EF3FA9 /* SourGummy-SemiBoldItalic.ttf */; };
		A7120F252D15422300EF3FA9 /* SourGummy-Light.ttf in Resources */ = {isa = PBXBuildFile; fileRef = A7120EED2D15422300EF3FA9 /* SourGummy-Light.ttf */; };
		A7120F262D15422300EF3FA9 /* SourGummy-Medium.ttf in Resources */ = {isa = PBXBuildFile; fileRef = A7120EEF2D15422300EF3FA9 /* SourGummy-Medium.ttf */; };
		A7120F272D15422300EF3FA9 /* SourGummy_Expanded-SemiBold.ttf in Resources */ = {isa = PBXBuildFile; fileRef = A7120ECE2D15422300EF3FA9 /* SourGummy_Expanded-SemiBold.ttf */; };
		A7120F282D15422300EF3FA9 /* SourGummy_SemiExpanded-ThinItalic.ttf in Resources */ = {isa = PBXBuildFile; fileRef = A7120EE32D15422300EF3FA9 /* SourGummy_SemiExpanded-ThinItalic.ttf */; };
		A7120F292D15422300EF3FA9 /* SourGummy_Expanded-BoldItalic.ttf in Resources */ = {isa = PBXBuildFile; fileRef = A7120EC32D15422300EF3FA9 /* SourGummy_Expanded-BoldItalic.ttf */; };
		A7120F2A2D15422300EF3FA9 /* SourGummy-MediumItalic.ttf in Resources */ = {isa = PBXBuildFile; fileRef = A7120EF02D15422300EF3FA9 /* SourGummy-MediumItalic.ttf */; };
		A7120F2B2D15422300EF3FA9 /* SourGummy_SemiExpanded-Regular.ttf in Resources */ = {isa = PBXBuildFile; fileRef = A7120EDF2D15422300EF3FA9 /* SourGummy_SemiExpanded-Regular.ttf */; };
		A7120F2C2D15422300EF3FA9 /* SourGummy_Expanded-Italic.ttf in Resources */ = {isa = PBXBuildFile; fileRef = A7120EC82D15422300EF3FA9 /* SourGummy_Expanded-Italic.ttf */; };
		A7EE25F52D02D15800CBB6AF /* Preview Assets.xcassets in Resources */ = {isa = PBXBuildFile; fileRef = A7EE25F32D02D15800CBB6AF /* Preview Assets.xcassets */; };
		DF25C9CD2CFF43E2009FBB96 /* .gitignore in Resources */ = {isa = PBXBuildFile; fileRef = DF25C9CC2CFF43E2009FBB96 /* .gitignore */; };
		DF3B09482CECD3AA00F189B1 /* EUMMEYOApp.swift in Sources */ = {isa = PBXBuildFile; fileRef = DF3B09472CECD3AA00F189B1 /* EUMMEYOApp.swift */; };
		DF3B094A2CECD3AA00F189B1 /* ContentView.swift in Sources */ = {isa = PBXBuildFile; fileRef = DF3B09492CECD3AA00F189B1 /* ContentView.swift */; };
		DF3B094C2CECD3AB00F189B1 /* Assets.xcassets in Resources */ = {isa = PBXBuildFile; fileRef = DF3B094B2CECD3AB00F189B1 /* Assets.xcassets */; };
		DF3B094F2CECD3AB00F189B1 /* Preview Assets.xcassets in Resources */ = {isa = PBXBuildFile; fileRef = DF3B094E2CECD3AB00F189B1 /* Preview Assets.xcassets */; };
		DF4FFEED2CFEAAA5006C1D5C /* HeatMapView.swift in Sources */ = {isa = PBXBuildFile; fileRef = DF4FFEEC2CFEAAA5006C1D5C /* HeatMapView.swift */; };
		DF55AA2F2CF6B3FB008222FF /* CalendarView.swift in Sources */ = {isa = PBXBuildFile; fileRef = DF55AA2E2CF6B3FB008222FF /* CalendarView.swift */; };
		DF55AA322CF6B412008222FF /* BookmarkView.swift in Sources */ = {isa = PBXBuildFile; fileRef = DF55AA312CF6B412008222FF /* BookmarkView.swift */; };
		DF55AA352CF6B427008222FF /* ProfileView.swift in Sources */ = {isa = PBXBuildFile; fileRef = DF55AA342CF6B427008222FF /* ProfileView.swift */; };
		DF7249452CF4307800C31748 /* OnboardingView.swift in Sources */ = {isa = PBXBuildFile; fileRef = DF7249442CF4307800C31748 /* OnboardingView.swift */; };
		DF7249482CF43EB800C31748 /* MaintabView.swift in Sources */ = {isa = PBXBuildFile; fileRef = DF7249472CF43EB800C31748 /* MaintabView.swift */; };
		DFB8D1822CF221BB0029DE6B /* LoginView.swift in Sources */ = {isa = PBXBuildFile; fileRef = DFB8D1812CF221BB0029DE6B /* LoginView.swift */; };
		DFDA10D92CF9EA6200BC2312 /* model.swift in Sources */ = {isa = PBXBuildFile; fileRef = DFDA10D82CF9EA6200BC2312 /* model.swift */; };
		DFDA10DB2CF9EB5100BC2312 /* viewModel.swift in Sources */ = {isa = PBXBuildFile; fileRef = DFDA10DA2CF9EB5100BC2312 /* viewModel.swift */; };
		DFDAE9FD2CFB3E3500EE0F05 /* Extension+Color.swift in Sources */ = {isa = PBXBuildFile; fileRef = DFDAE9FC2CFB3E3500EE0F05 /* Extension+Color.swift */; };
/* End PBXBuildFile section */

/* Begin PBXFileReference section */
		A70882FB2D0AC0BA00E7DF43 /* AppDelegate.swift */ = {isa = PBXFileReference; lastKnownFileType = sourcecode.swift; path = AppDelegate.swift; sourceTree = "<group>"; };
		A70882FD2D0AC1E300E7DF43 /* GoogleService-Info.plist */ = {isa = PBXFileReference; lastKnownFileType = text.plist.xml; path = "GoogleService-Info.plist"; sourceTree = "<group>"; };
		A70882FF2D0AC20400E7DF43 /* Info.plist */ = {isa = PBXFileReference; lastKnownFileType = text.plist; path = Info.plist; sourceTree = "<group>"; };
		A7120EBE2D15410C00EF3FA9 /* Launch Screen.storyboard */ = {isa = PBXFileReference; lastKnownFileType = file.storyboard; path = "Launch Screen.storyboard"; sourceTree = "<group>"; };
		A7120EC02D15422300EF3FA9 /* SourGummy_Expanded-Black.ttf */ = {isa = PBXFileReference; lastKnownFileType = file; path = "SourGummy_Expanded-Black.ttf"; sourceTree = "<group>"; };
		A7120EC12D15422300EF3FA9 /* SourGummy_Expanded-BlackItalic.ttf */ = {isa = PBXFileReference; lastKnownFileType = file; path = "SourGummy_Expanded-BlackItalic.ttf"; sourceTree = "<group>"; };
		A7120EC22D15422300EF3FA9 /* SourGummy_Expanded-Bold.ttf */ = {isa = PBXFileReference; lastKnownFileType = file; path = "SourGummy_Expanded-Bold.ttf"; sourceTree = "<group>"; };
		A7120EC32D15422300EF3FA9 /* SourGummy_Expanded-BoldItalic.ttf */ = {isa = PBXFileReference; lastKnownFileType = file; path = "SourGummy_Expanded-BoldItalic.ttf"; sourceTree = "<group>"; };
		A7120EC42D15422300EF3FA9 /* SourGummy_Expanded-ExtraBold.ttf */ = {isa = PBXFileReference; lastKnownFileType = file; path = "SourGummy_Expanded-ExtraBold.ttf"; sourceTree = "<group>"; };
		A7120EC52D15422300EF3FA9 /* SourGummy_Expanded-ExtraBoldItalic.ttf */ = {isa = PBXFileReference; lastKnownFileType = file; path = "SourGummy_Expanded-ExtraBoldItalic.ttf"; sourceTree = "<group>"; };
		A7120EC62D15422300EF3FA9 /* SourGummy_Expanded-ExtraLight.ttf */ = {isa = PBXFileReference; lastKnownFileType = file; path = "SourGummy_Expanded-ExtraLight.ttf"; sourceTree = "<group>"; };
		A7120EC72D15422300EF3FA9 /* SourGummy_Expanded-ExtraLightItalic.ttf */ = {isa = PBXFileReference; lastKnownFileType = file; path = "SourGummy_Expanded-ExtraLightItalic.ttf"; sourceTree = "<group>"; };
		A7120EC82D15422300EF3FA9 /* SourGummy_Expanded-Italic.ttf */ = {isa = PBXFileReference; lastKnownFileType = file; path = "SourGummy_Expanded-Italic.ttf"; sourceTree = "<group>"; };
		A7120EC92D15422300EF3FA9 /* SourGummy_Expanded-Light.ttf */ = {isa = PBXFileReference; lastKnownFileType = file; path = "SourGummy_Expanded-Light.ttf"; sourceTree = "<group>"; };
		A7120ECA2D15422300EF3FA9 /* SourGummy_Expanded-LightItalic.ttf */ = {isa = PBXFileReference; lastKnownFileType = file; path = "SourGummy_Expanded-LightItalic.ttf"; sourceTree = "<group>"; };
		A7120ECB2D15422300EF3FA9 /* SourGummy_Expanded-Medium.ttf */ = {isa = PBXFileReference; lastKnownFileType = file; path = "SourGummy_Expanded-Medium.ttf"; sourceTree = "<group>"; };
		A7120ECC2D15422300EF3FA9 /* SourGummy_Expanded-MediumItalic.ttf */ = {isa = PBXFileReference; lastKnownFileType = file; path = "SourGummy_Expanded-MediumItalic.ttf"; sourceTree = "<group>"; };
		A7120ECD2D15422300EF3FA9 /* SourGummy_Expanded-Regular.ttf */ = {isa = PBXFileReference; lastKnownFileType = file; path = "SourGummy_Expanded-Regular.ttf"; sourceTree = "<group>"; };
		A7120ECE2D15422300EF3FA9 /* SourGummy_Expanded-SemiBold.ttf */ = {isa = PBXFileReference; lastKnownFileType = file; path = "SourGummy_Expanded-SemiBold.ttf"; sourceTree = "<group>"; };
		A7120ECF2D15422300EF3FA9 /* SourGummy_Expanded-SemiBoldItalic.ttf */ = {isa = PBXFileReference; lastKnownFileType = file; path = "SourGummy_Expanded-SemiBoldItalic.ttf"; sourceTree = "<group>"; };
		A7120ED02D15422300EF3FA9 /* SourGummy_Expanded-Thin.ttf */ = {isa = PBXFileReference; lastKnownFileType = file; path = "SourGummy_Expanded-Thin.ttf"; sourceTree = "<group>"; };
		A7120ED12D15422300EF3FA9 /* SourGummy_Expanded-ThinItalic.ttf */ = {isa = PBXFileReference; lastKnownFileType = file; path = "SourGummy_Expanded-ThinItalic.ttf"; sourceTree = "<group>"; };
		A7120ED22D15422300EF3FA9 /* SourGummy_SemiExpanded-Black.ttf */ = {isa = PBXFileReference; lastKnownFileType = file; path = "SourGummy_SemiExpanded-Black.ttf"; sourceTree = "<group>"; };
		A7120ED32D15422300EF3FA9 /* SourGummy_SemiExpanded-BlackItalic.ttf */ = {isa = PBXFileReference; lastKnownFileType = file; path = "SourGummy_SemiExpanded-BlackItalic.ttf"; sourceTree = "<group>"; };
		A7120ED42D15422300EF3FA9 /* SourGummy_SemiExpanded-Bold.ttf */ = {isa = PBXFileReference; lastKnownFileType = file; path = "SourGummy_SemiExpanded-Bold.ttf"; sourceTree = "<group>"; };
		A7120ED52D15422300EF3FA9 /* SourGummy_SemiExpanded-BoldItalic.ttf */ = {isa = PBXFileReference; lastKnownFileType = file; path = "SourGummy_SemiExpanded-BoldItalic.ttf"; sourceTree = "<group>"; };
		A7120ED62D15422300EF3FA9 /* SourGummy_SemiExpanded-ExtraBold.ttf */ = {isa = PBXFileReference; lastKnownFileType = file; path = "SourGummy_SemiExpanded-ExtraBold.ttf"; sourceTree = "<group>"; };
		A7120ED72D15422300EF3FA9 /* SourGummy_SemiExpanded-ExtraBoldItalic.ttf */ = {isa = PBXFileReference; lastKnownFileType = file; path = "SourGummy_SemiExpanded-ExtraBoldItalic.ttf"; sourceTree = "<group>"; };
		A7120ED82D15422300EF3FA9 /* SourGummy_SemiExpanded-ExtraLight.ttf */ = {isa = PBXFileReference; lastKnownFileType = file; path = "SourGummy_SemiExpanded-ExtraLight.ttf"; sourceTree = "<group>"; };
		A7120ED92D15422300EF3FA9 /* SourGummy_SemiExpanded-ExtraLightItalic.ttf */ = {isa = PBXFileReference; lastKnownFileType = file; path = "SourGummy_SemiExpanded-ExtraLightItalic.ttf"; sourceTree = "<group>"; };
		A7120EDA2D15422300EF3FA9 /* SourGummy_SemiExpanded-Italic.ttf */ = {isa = PBXFileReference; lastKnownFileType = file; path = "SourGummy_SemiExpanded-Italic.ttf"; sourceTree = "<group>"; };
		A7120EDB2D15422300EF3FA9 /* SourGummy_SemiExpanded-Light.ttf */ = {isa = PBXFileReference; lastKnownFileType = file; path = "SourGummy_SemiExpanded-Light.ttf"; sourceTree = "<group>"; };
		A7120EDC2D15422300EF3FA9 /* SourGummy_SemiExpanded-LightItalic.ttf */ = {isa = PBXFileReference; lastKnownFileType = file; path = "SourGummy_SemiExpanded-LightItalic.ttf"; sourceTree = "<group>"; };
		A7120EDD2D15422300EF3FA9 /* SourGummy_SemiExpanded-Medium.ttf */ = {isa = PBXFileReference; lastKnownFileType = file; path = "SourGummy_SemiExpanded-Medium.ttf"; sourceTree = "<group>"; };
		A7120EDE2D15422300EF3FA9 /* SourGummy_SemiExpanded-MediumItalic.ttf */ = {isa = PBXFileReference; lastKnownFileType = file; path = "SourGummy_SemiExpanded-MediumItalic.ttf"; sourceTree = "<group>"; };
		A7120EDF2D15422300EF3FA9 /* SourGummy_SemiExpanded-Regular.ttf */ = {isa = PBXFileReference; lastKnownFileType = file; path = "SourGummy_SemiExpanded-Regular.ttf"; sourceTree = "<group>"; };
		A7120EE02D15422300EF3FA9 /* SourGummy_SemiExpanded-SemiBold.ttf */ = {isa = PBXFileReference; lastKnownFileType = file; path = "SourGummy_SemiExpanded-SemiBold.ttf"; sourceTree = "<group>"; };
		A7120EE12D15422300EF3FA9 /* SourGummy_SemiExpanded-SemiBoldItalic.ttf */ = {isa = PBXFileReference; lastKnownFileType = file; path = "SourGummy_SemiExpanded-SemiBoldItalic.ttf"; sourceTree = "<group>"; };
		A7120EE22D15422300EF3FA9 /* SourGummy_SemiExpanded-Thin.ttf */ = {isa = PBXFileReference; lastKnownFileType = file; path = "SourGummy_SemiExpanded-Thin.ttf"; sourceTree = "<group>"; };
		A7120EE32D15422300EF3FA9 /* SourGummy_SemiExpanded-ThinItalic.ttf */ = {isa = PBXFileReference; lastKnownFileType = file; path = "SourGummy_SemiExpanded-ThinItalic.ttf"; sourceTree = "<group>"; };
		A7120EE42D15422300EF3FA9 /* SourGummy-Black.ttf */ = {isa = PBXFileReference; lastKnownFileType = file; path = "SourGummy-Black.ttf"; sourceTree = "<group>"; };
		A7120EE52D15422300EF3FA9 /* SourGummy-BlackItalic.ttf */ = {isa = PBXFileReference; lastKnownFileType = file; path = "SourGummy-BlackItalic.ttf"; sourceTree = "<group>"; };
		A7120EE62D15422300EF3FA9 /* SourGummy-Bold.ttf */ = {isa = PBXFileReference; lastKnownFileType = file; path = "SourGummy-Bold.ttf"; sourceTree = "<group>"; };
		A7120EE72D15422300EF3FA9 /* SourGummy-BoldItalic.ttf */ = {isa = PBXFileReference; lastKnownFileType = file; path = "SourGummy-BoldItalic.ttf"; sourceTree = "<group>"; };
		A7120EE82D15422300EF3FA9 /* SourGummy-ExtraBold.ttf */ = {isa = PBXFileReference; lastKnownFileType = file; path = "SourGummy-ExtraBold.ttf"; sourceTree = "<group>"; };
		A7120EE92D15422300EF3FA9 /* SourGummy-ExtraBoldItalic.ttf */ = {isa = PBXFileReference; lastKnownFileType = file; path = "SourGummy-ExtraBoldItalic.ttf"; sourceTree = "<group>"; };
		A7120EEA2D15422300EF3FA9 /* SourGummy-ExtraLight.ttf */ = {isa = PBXFileReference; lastKnownFileType = file; path = "SourGummy-ExtraLight.ttf"; sourceTree = "<group>"; };
		A7120EEB2D15422300EF3FA9 /* SourGummy-ExtraLightItalic.ttf */ = {isa = PBXFileReference; lastKnownFileType = file; path = "SourGummy-ExtraLightItalic.ttf"; sourceTree = "<group>"; };
		A7120EEC2D15422300EF3FA9 /* SourGummy-Italic.ttf */ = {isa = PBXFileReference; lastKnownFileType = file; path = "SourGummy-Italic.ttf"; sourceTree = "<group>"; };
		A7120EED2D15422300EF3FA9 /* SourGummy-Light.ttf */ = {isa = PBXFileReference; lastKnownFileType = file; path = "SourGummy-Light.ttf"; sourceTree = "<group>"; };
		A7120EEE2D15422300EF3FA9 /* SourGummy-LightItalic.ttf */ = {isa = PBXFileReference; lastKnownFileType = file; path = "SourGummy-LightItalic.ttf"; sourceTree = "<group>"; };
		A7120EEF2D15422300EF3FA9 /* SourGummy-Medium.ttf */ = {isa = PBXFileReference; lastKnownFileType = file; path = "SourGummy-Medium.ttf"; sourceTree = "<group>"; };
		A7120EF02D15422300EF3FA9 /* SourGummy-MediumItalic.ttf */ = {isa = PBXFileReference; lastKnownFileType = file; path = "SourGummy-MediumItalic.ttf"; sourceTree = "<group>"; };
		A7120EF12D15422300EF3FA9 /* SourGummy-Regular.ttf */ = {isa = PBXFileReference; lastKnownFileType = file; path = "SourGummy-Regular.ttf"; sourceTree = "<group>"; };
		A7120EF22D15422300EF3FA9 /* SourGummy-SemiBold.ttf */ = {isa = PBXFileReference; lastKnownFileType = file; path = "SourGummy-SemiBold.ttf"; sourceTree = "<group>"; };
		A7120EF32D15422300EF3FA9 /* SourGummy-SemiBoldItalic.ttf */ = {isa = PBXFileReference; lastKnownFileType = file; path = "SourGummy-SemiBoldItalic.ttf"; sourceTree = "<group>"; };
		A7120EF42D15422300EF3FA9 /* SourGummy-Thin.ttf */ = {isa = PBXFileReference; lastKnownFileType = file; path = "SourGummy-Thin.ttf"; sourceTree = "<group>"; };
		A7120EF52D15422300EF3FA9 /* SourGummy-ThinItalic.ttf */ = {isa = PBXFileReference; lastKnownFileType = file; path = "SourGummy-ThinItalic.ttf"; sourceTree = "<group>"; };
		A7EE25F32D02D15800CBB6AF /* Preview Assets.xcassets */ = {isa = PBXFileReference; lastKnownFileType = folder.assetcatalog; path = "Preview Assets.xcassets"; sourceTree = "<group>"; };
		DF25C9CC2CFF43E2009FBB96 /* .gitignore */ = {isa = PBXFileReference; fileEncoding = 4; lastKnownFileType = text; path = .gitignore; sourceTree = "<group>"; };
		DF3B09442CECD3AA00F189B1 /* EUMMEYO.app */ = {isa = PBXFileReference; explicitFileType = wrapper.application; includeInIndex = 0; path = EUMMEYO.app; sourceTree = BUILT_PRODUCTS_DIR; };
		DF3B09472CECD3AA00F189B1 /* EUMMEYOApp.swift */ = {isa = PBXFileReference; lastKnownFileType = sourcecode.swift; path = EUMMEYOApp.swift; sourceTree = "<group>"; };
		DF3B09492CECD3AA00F189B1 /* ContentView.swift */ = {isa = PBXFileReference; lastKnownFileType = sourcecode.swift; path = ContentView.swift; sourceTree = "<group>"; };
		DF3B094B2CECD3AB00F189B1 /* Assets.xcassets */ = {isa = PBXFileReference; lastKnownFileType = folder.assetcatalog; path = Assets.xcassets; sourceTree = "<group>"; };
		DF3B094E2CECD3AB00F189B1 /* Preview Assets.xcassets */ = {isa = PBXFileReference; lastKnownFileType = folder.assetcatalog; path = "Preview Assets.xcassets"; sourceTree = "<group>"; };
		DF4FFEEC2CFEAAA5006C1D5C /* HeatMapView.swift */ = {isa = PBXFileReference; lastKnownFileType = sourcecode.swift; path = HeatMapView.swift; sourceTree = "<group>"; };
		DF55AA2E2CF6B3FB008222FF /* CalendarView.swift */ = {isa = PBXFileReference; lastKnownFileType = sourcecode.swift; path = CalendarView.swift; sourceTree = "<group>"; };
		DF55AA312CF6B412008222FF /* BookmarkView.swift */ = {isa = PBXFileReference; lastKnownFileType = sourcecode.swift; path = BookmarkView.swift; sourceTree = "<group>"; };
		DF55AA342CF6B427008222FF /* ProfileView.swift */ = {isa = PBXFileReference; lastKnownFileType = sourcecode.swift; path = ProfileView.swift; sourceTree = "<group>"; };
		DF7249442CF4307800C31748 /* OnboardingView.swift */ = {isa = PBXFileReference; lastKnownFileType = sourcecode.swift; path = OnboardingView.swift; sourceTree = "<group>"; };
		DF7249472CF43EB800C31748 /* MaintabView.swift */ = {isa = PBXFileReference; lastKnownFileType = sourcecode.swift; path = MaintabView.swift; sourceTree = "<group>"; };
		DFB8D1812CF221BB0029DE6B /* LoginView.swift */ = {isa = PBXFileReference; lastKnownFileType = sourcecode.swift; path = LoginView.swift; sourceTree = "<group>"; };
		DFB8D1832CF2226C0029DE6B /* EUMMEYODebug.entitlements */ = {isa = PBXFileReference; lastKnownFileType = text.plist.entitlements; path = EUMMEYODebug.entitlements; sourceTree = "<group>"; };
		DFDA10D82CF9EA6200BC2312 /* model.swift */ = {isa = PBXFileReference; lastKnownFileType = sourcecode.swift; path = model.swift; sourceTree = "<group>"; };
		DFDA10DA2CF9EB5100BC2312 /* viewModel.swift */ = {isa = PBXFileReference; lastKnownFileType = sourcecode.swift; path = viewModel.swift; sourceTree = "<group>"; };
		DFDAE9FC2CFB3E3500EE0F05 /* Extension+Color.swift */ = {isa = PBXFileReference; lastKnownFileType = sourcecode.swift; path = "Extension+Color.swift"; sourceTree = "<group>"; };
/* End PBXFileReference section */

/* Begin PBXFrameworksBuildPhase section */
		DF3B09412CECD3AA00F189B1 /* Frameworks */ = {
			isa = PBXFrameworksBuildPhase;
			buildActionMask = 2147483647;
			files = (
				A70882F82D0ABF7F00E7DF43 /* FirebaseAuth in Frameworks */,
			);
			runOnlyForDeploymentPostprocessing = 0;
		};
/* End PBXFrameworksBuildPhase section */

/* Begin PBXGroup section */
		A7120EB92D153ECD00EF3FA9 /* Fonts */ = {
			isa = PBXGroup;
			children = (
				A7120EF62D15422300EF3FA9 /* static */,
			);
			path = Fonts;
			sourceTree = "<group>";
		};
		A7120EF62D15422300EF3FA9 /* static */ = {
			isa = PBXGroup;
			children = (
				A7120EC02D15422300EF3FA9 /* SourGummy_Expanded-Black.ttf */,
				A7120EC12D15422300EF3FA9 /* SourGummy_Expanded-BlackItalic.ttf */,
				A7120EC22D15422300EF3FA9 /* SourGummy_Expanded-Bold.ttf */,
				A7120EC32D15422300EF3FA9 /* SourGummy_Expanded-BoldItalic.ttf */,
				A7120EC42D15422300EF3FA9 /* SourGummy_Expanded-ExtraBold.ttf */,
				A7120EC52D15422300EF3FA9 /* SourGummy_Expanded-ExtraBoldItalic.ttf */,
				A7120EC62D15422300EF3FA9 /* SourGummy_Expanded-ExtraLight.ttf */,
				A7120EC72D15422300EF3FA9 /* SourGummy_Expanded-ExtraLightItalic.ttf */,
				A7120EC82D15422300EF3FA9 /* SourGummy_Expanded-Italic.ttf */,
				A7120EC92D15422300EF3FA9 /* SourGummy_Expanded-Light.ttf */,
				A7120ECA2D15422300EF3FA9 /* SourGummy_Expanded-LightItalic.ttf */,
				A7120ECB2D15422300EF3FA9 /* SourGummy_Expanded-Medium.ttf */,
				A7120ECC2D15422300EF3FA9 /* SourGummy_Expanded-MediumItalic.ttf */,
				A7120ECD2D15422300EF3FA9 /* SourGummy_Expanded-Regular.ttf */,
				A7120ECE2D15422300EF3FA9 /* SourGummy_Expanded-SemiBold.ttf */,
				A7120ECF2D15422300EF3FA9 /* SourGummy_Expanded-SemiBoldItalic.ttf */,
				A7120ED02D15422300EF3FA9 /* SourGummy_Expanded-Thin.ttf */,
				A7120ED12D15422300EF3FA9 /* SourGummy_Expanded-ThinItalic.ttf */,
				A7120ED22D15422300EF3FA9 /* SourGummy_SemiExpanded-Black.ttf */,
				A7120ED32D15422300EF3FA9 /* SourGummy_SemiExpanded-BlackItalic.ttf */,
				A7120ED42D15422300EF3FA9 /* SourGummy_SemiExpanded-Bold.ttf */,
				A7120ED52D15422300EF3FA9 /* SourGummy_SemiExpanded-BoldItalic.ttf */,
				A7120ED62D15422300EF3FA9 /* SourGummy_SemiExpanded-ExtraBold.ttf */,
				A7120ED72D15422300EF3FA9 /* SourGummy_SemiExpanded-ExtraBoldItalic.ttf */,
				A7120ED82D15422300EF3FA9 /* SourGummy_SemiExpanded-ExtraLight.ttf */,
				A7120ED92D15422300EF3FA9 /* SourGummy_SemiExpanded-ExtraLightItalic.ttf */,
				A7120EDA2D15422300EF3FA9 /* SourGummy_SemiExpanded-Italic.ttf */,
				A7120EDB2D15422300EF3FA9 /* SourGummy_SemiExpanded-Light.ttf */,
				A7120EDC2D15422300EF3FA9 /* SourGummy_SemiExpanded-LightItalic.ttf */,
				A7120EDD2D15422300EF3FA9 /* SourGummy_SemiExpanded-Medium.ttf */,
				A7120EDE2D15422300EF3FA9 /* SourGummy_SemiExpanded-MediumItalic.ttf */,
				A7120EDF2D15422300EF3FA9 /* SourGummy_SemiExpanded-Regular.ttf */,
				A7120EE02D15422300EF3FA9 /* SourGummy_SemiExpanded-SemiBold.ttf */,
				A7120EE12D15422300EF3FA9 /* SourGummy_SemiExpanded-SemiBoldItalic.ttf */,
				A7120EE22D15422300EF3FA9 /* SourGummy_SemiExpanded-Thin.ttf */,
				A7120EE32D15422300EF3FA9 /* SourGummy_SemiExpanded-ThinItalic.ttf */,
				A7120EE42D15422300EF3FA9 /* SourGummy-Black.ttf */,
				A7120EE52D15422300EF3FA9 /* SourGummy-BlackItalic.ttf */,
				A7120EE62D15422300EF3FA9 /* SourGummy-Bold.ttf */,
				A7120EE72D15422300EF3FA9 /* SourGummy-BoldItalic.ttf */,
				A7120EE82D15422300EF3FA9 /* SourGummy-ExtraBold.ttf */,
				A7120EE92D15422300EF3FA9 /* SourGummy-ExtraBoldItalic.ttf */,
				A7120EEA2D15422300EF3FA9 /* SourGummy-ExtraLight.ttf */,
				A7120EEB2D15422300EF3FA9 /* SourGummy-ExtraLightItalic.ttf */,
				A7120EEC2D15422300EF3FA9 /* SourGummy-Italic.ttf */,
				A7120EED2D15422300EF3FA9 /* SourGummy-Light.ttf */,
				A7120EEE2D15422300EF3FA9 /* SourGummy-LightItalic.ttf */,
				A7120EEF2D15422300EF3FA9 /* SourGummy-Medium.ttf */,
				A7120EF02D15422300EF3FA9 /* SourGummy-MediumItalic.ttf */,
				A7120EF12D15422300EF3FA9 /* SourGummy-Regular.ttf */,
				A7120EF22D15422300EF3FA9 /* SourGummy-SemiBold.ttf */,
				A7120EF32D15422300EF3FA9 /* SourGummy-SemiBoldItalic.ttf */,
				A7120EF42D15422300EF3FA9 /* SourGummy-Thin.ttf */,
				A7120EF52D15422300EF3FA9 /* SourGummy-ThinItalic.ttf */,
			);
			path = static;
			sourceTree = "<group>";
		};
		A7EE25F42D02D15800CBB6AF /* Preview Content */ = {
			isa = PBXGroup;
			children = (
				A7EE25F32D02D15800CBB6AF /* Preview Assets.xcassets */,
			);
			path = "Preview Content";
			sourceTree = "<group>";
		};
		DF3B093B2CECD3AA00F189B1 = {
			isa = PBXGroup;
			children = (
				DF25C9CC2CFF43E2009FBB96 /* .gitignore */,
				DF3B09462CECD3AA00F189B1 /* EUMMEYO */,
				DF3B094D2CECD3AB00F189B1 /* Preview Content */,
				DF3B09452CECD3AA00F189B1 /* Products */,
			);
			sourceTree = "<group>";
		};
		DF3B09452CECD3AA00F189B1 /* Products */ = {
			isa = PBXGroup;
			children = (
				DF3B09442CECD3AA00F189B1 /* EUMMEYO.app */,
			);
			name = Products;
			sourceTree = "<group>";
		};
		DF3B09462CECD3AA00F189B1 /* EUMMEYO */ = {
			isa = PBXGroup;
			children = (
				A7120EB92D153ECD00EF3FA9 /* Fonts */,
				A70882FF2D0AC20400E7DF43 /* Info.plist */,
				DF3B09472CECD3AA00F189B1 /* EUMMEYOApp.swift */,
				A70882FB2D0AC0BA00E7DF43 /* AppDelegate.swift */,
				A70882FD2D0AC1E300E7DF43 /* GoogleService-Info.plist */,
				DFB8D1832CF2226C0029DE6B /* EUMMEYODebug.entitlements */,
				A7120EBE2D15410C00EF3FA9 /* Launch Screen.storyboard */,
				DF3B094B2CECD3AB00F189B1 /* Assets.xcassets */,
				DF3B09492CECD3AA00F189B1 /* ContentView.swift */,
				A7EE25F42D02D15800CBB6AF /* Preview Content */,
				DFDAE9FB2CFB3E2300EE0F05 /* Extension */,
				DFB8D1802CF221A10029DE6B /* View */,
			);
			path = EUMMEYO;
			sourceTree = "<group>";
		};
		DF3B094D2CECD3AB00F189B1 /* Preview Content */ = {
			isa = PBXGroup;
			children = (
				DF3B094E2CECD3AB00F189B1 /* Preview Assets.xcassets */,
			);
			path = "Preview Content";
			sourceTree = "<group>";
		};
		DF55AA2D2CF6B3D3008222FF /* Calendar */ = {
			isa = PBXGroup;
			children = (
				DF55AA2E2CF6B3FB008222FF /* CalendarView.swift */,
				DFDA10DA2CF9EB5100BC2312 /* viewModel.swift */,
				DFDA10D82CF9EA6200BC2312 /* model.swift */,
			);
			path = Calendar;
			sourceTree = "<group>";
		};
		DF55AA302CF6B404008222FF /* Bookmark */ = {
			isa = PBXGroup;
			children = (
				DF55AA312CF6B412008222FF /* BookmarkView.swift */,
			);
			path = Bookmark;
			sourceTree = "<group>";
		};
		DF55AA332CF6B418008222FF /* Profile */ = {
			isa = PBXGroup;
			children = (
				DF55AA342CF6B427008222FF /* ProfileView.swift */,
				DF4FFEEC2CFEAAA5006C1D5C /* HeatMapView.swift */,
			);
			path = Profile;
			sourceTree = "<group>";
		};
		DF7249422CF4306200C31748 /* Login */ = {
			isa = PBXGroup;
			children = (
				DFB8D1812CF221BB0029DE6B /* LoginView.swift */,
			);
			path = Login;
			sourceTree = "<group>";
		};
		DF7249432CF4306A00C31748 /* Onboarding */ = {
			isa = PBXGroup;
			children = (
				DF7249442CF4307800C31748 /* OnboardingView.swift */,
			);
			path = Onboarding;
			sourceTree = "<group>";
		};
		DF7249462CF43EA700C31748 /* MainTab */ = {
			isa = PBXGroup;
			children = (
				DF7249472CF43EB800C31748 /* MaintabView.swift */,
			);
			path = MainTab;
			sourceTree = "<group>";
		};
		DFB8D1802CF221A10029DE6B /* View */ = {
			isa = PBXGroup;
			children = (
				DF7249432CF4306A00C31748 /* Onboarding */,
				DF7249422CF4306200C31748 /* Login */,
				DF7249462CF43EA700C31748 /* MainTab */,
				DF55AA2D2CF6B3D3008222FF /* Calendar */,
				DF55AA302CF6B404008222FF /* Bookmark */,
				DF55AA332CF6B418008222FF /* Profile */,
			);
			path = View;
			sourceTree = "<group>";
		};
		DFDAE9FB2CFB3E2300EE0F05 /* Extension */ = {
			isa = PBXGroup;
			children = (
				DFDAE9FC2CFB3E3500EE0F05 /* Extension+Color.swift */,
			);
			path = Extension;
			sourceTree = "<group>";
		};
/* End PBXGroup section */

/* Begin PBXNativeTarget section */
		DF3B09432CECD3AA00F189B1 /* EUMMEYO */ = {
			isa = PBXNativeTarget;
			buildConfigurationList = DF3B09522CECD3AB00F189B1 /* Build configuration list for PBXNativeTarget "EUMMEYO" */;
			buildPhases = (
				DF3B09402CECD3AA00F189B1 /* Sources */,
				DF3B09412CECD3AA00F189B1 /* Frameworks */,
				DF3B09422CECD3AA00F189B1 /* Resources */,
			);
			buildRules = (
			);
			dependencies = (
			);
			name = EUMMEYO;
			productName = EUMMEYO;
			productReference = DF3B09442CECD3AA00F189B1 /* EUMMEYO.app */;
			productType = "com.apple.product-type.application";
		};
/* End PBXNativeTarget section */

/* Begin PBXProject section */
		DF3B093C2CECD3AA00F189B1 /* Project object */ = {
			isa = PBXProject;
			attributes = {
				BuildIndependentTargetsInParallel = 1;
				LastSwiftUpdateCheck = 1540;
				LastUpgradeCheck = 1540;
				TargetAttributes = {
					DF3B09432CECD3AA00F189B1 = {
						CreatedOnToolsVersion = 15.4;
					};
				};
			};
			buildConfigurationList = DF3B093F2CECD3AA00F189B1 /* Build configuration list for PBXProject "EUMMEYO" */;
			compatibilityVersion = "Xcode 14.0";
			developmentRegion = en;
			hasScannedForEncodings = 0;
			knownRegions = (
				en,
				Base,
			);
			mainGroup = DF3B093B2CECD3AA00F189B1;
			packageReferences = (
				A70882F62D0ABF7F00E7DF43 /* XCRemoteSwiftPackageReference "firebase-ios-sdk" */,
			);
			productRefGroup = DF3B09452CECD3AA00F189B1 /* Products */;
			projectDirPath = "";
			projectRoot = "";
			targets = (
				DF3B09432CECD3AA00F189B1 /* EUMMEYO */,
			);
		};
/* End PBXProject section */

/* Begin PBXResourcesBuildPhase section */
		DF3B09422CECD3AA00F189B1 /* Resources */ = {
			isa = PBXResourcesBuildPhase;
			buildActionMask = 2147483647;
			files = (
				A7120EBF2D15410C00EF3FA9 /* Launch Screen.storyboard in Resources */,
				A7EE25F52D02D15800CBB6AF /* Preview Assets.xcassets in Resources */,
				A70882FE2D0AC1E300E7DF43 /* GoogleService-Info.plist in Resources */,
				A7120EF72D15422300EF3FA9 /* SourGummy-Regular.ttf in Resources */,
				A7120EF82D15422300EF3FA9 /* SourGummy_Expanded-Bold.ttf in Resources */,
				A7120EF92D15422300EF3FA9 /* SourGummy_SemiExpanded-SemiBoldItalic.ttf in Resources */,
				A7120EFA2D15422300EF3FA9 /* SourGummy_Expanded-ThinItalic.ttf in Resources */,
				A7120EFB2D15422300EF3FA9 /* SourGummy_Expanded-Medium.ttf in Resources */,
				A7120EFC2D15422300EF3FA9 /* SourGummy-SemiBold.ttf in Resources */,
				A7120EFD2D15422300EF3FA9 /* SourGummy_SemiExpanded-Light.ttf in Resources */,
				A7120EFE2D15422300EF3FA9 /* SourGummy_SemiExpanded-Medium.ttf in Resources */,
				A7120EFF2D15422300EF3FA9 /* SourGummy_Expanded-Thin.ttf in Resources */,
				A7120F002D15422300EF3FA9 /* SourGummy-ExtraBold.ttf in Resources */,
				A7120F012D15422300EF3FA9 /* SourGummy-BlackItalic.ttf in Resources */,
				A7120F022D15422300EF3FA9 /* SourGummy-BoldItalic.ttf in Resources */,
				A7120F032D15422300EF3FA9 /* SourGummy_Expanded-SemiBoldItalic.ttf in Resources */,
				A7120F042D15422300EF3FA9 /* SourGummy_Expanded-BlackItalic.ttf in Resources */,
				A7120F052D15422300EF3FA9 /* SourGummy_Expanded-MediumItalic.ttf in Resources */,
				A7120F062D15422300EF3FA9 /* SourGummy_SemiExpanded-ExtraBold.ttf in Resources */,
				A7120F072D15422300EF3FA9 /* SourGummy_Expanded-LightItalic.ttf in Resources */,
				A7120F082D15422300EF3FA9 /* SourGummy_Expanded-Light.ttf in Resources */,
				A7120F092D15422300EF3FA9 /* SourGummy_SemiExpanded-ExtraBoldItalic.ttf in Resources */,
				A7120F0A2D15422300EF3FA9 /* SourGummy_SemiExpanded-Thin.ttf in Resources */,
				A7120F0B2D15422300EF3FA9 /* SourGummy-Bold.ttf in Resources */,
				A7120F0C2D15422300EF3FA9 /* SourGummy-Black.ttf in Resources */,
				A7120F0D2D15422300EF3FA9 /* SourGummy_SemiExpanded-BlackItalic.ttf in Resources */,
				A7120F0E2D15422300EF3FA9 /* SourGummy_SemiExpanded-BoldItalic.ttf in Resources */,
				A7120F0F2D15422300EF3FA9 /* SourGummy-LightItalic.ttf in Resources */,
				A7120F102D15422300EF3FA9 /* SourGummy_Expanded-ExtraLightItalic.ttf in Resources */,
				A7120F112D15422300EF3FA9 /* SourGummy_SemiExpanded-SemiBold.ttf in Resources */,
				A7120F122D15422300EF3FA9 /* SourGummy-Thin.ttf in Resources */,
				A7120F132D15422300EF3FA9 /* SourGummy_SemiExpanded-LightItalic.ttf in Resources */,
				A7120F142D15422300EF3FA9 /* SourGummy_SemiExpanded-MediumItalic.ttf in Resources */,
				A7120F152D15422300EF3FA9 /* SourGummy-ThinItalic.ttf in Resources */,
				A7120F162D15422300EF3FA9 /* SourGummy-Italic.ttf in Resources */,
				A7120F172D15422300EF3FA9 /* SourGummy_Expanded-ExtraBold.ttf in Resources */,
				A7120F182D15422300EF3FA9 /* SourGummy_SemiExpanded-ExtraLight.ttf in Resources */,
				A7120F192D15422300EF3FA9 /* SourGummy_Expanded-Black.ttf in Resources */,
				A7120F1A2D15422300EF3FA9 /* SourGummy_SemiExpanded-Bold.ttf in Resources */,
				A7120F1B2D15422300EF3FA9 /* SourGummy_Expanded-ExtraBoldItalic.ttf in Resources */,
				A7120F1C2D15422300EF3FA9 /* SourGummy-ExtraLight.ttf in Resources */,
				A7120F1D2D15422300EF3FA9 /* SourGummy-ExtraLightItalic.ttf in Resources */,
				A7120F1E2D15422300EF3FA9 /* SourGummy_SemiExpanded-ExtraLightItalic.ttf in Resources */,
				A7120F1F2D15422300EF3FA9 /* SourGummy_SemiExpanded-Italic.ttf in Resources */,
				A7120F202D15422300EF3FA9 /* SourGummy_Expanded-Regular.ttf in Resources */,
				A7120F212D15422300EF3FA9 /* SourGummy_SemiExpanded-Black.ttf in Resources */,
				A7120F222D15422300EF3FA9 /* SourGummy_Expanded-ExtraLight.ttf in Resources */,
				A7120F232D15422300EF3FA9 /* SourGummy-ExtraBoldItalic.ttf in Resources */,
				A7120F242D15422300EF3FA9 /* SourGummy-SemiBoldItalic.ttf in Resources */,
				A7120F252D15422300EF3FA9 /* SourGummy-Light.ttf in Resources */,
				A7120F262D15422300EF3FA9 /* SourGummy-Medium.ttf in Resources */,
				A7120F272D15422300EF3FA9 /* SourGummy_Expanded-SemiBold.ttf in Resources */,
				A7120F282D15422300EF3FA9 /* SourGummy_SemiExpanded-ThinItalic.ttf in Resources */,
				A7120F292D15422300EF3FA9 /* SourGummy_Expanded-BoldItalic.ttf in Resources */,
				A7120F2A2D15422300EF3FA9 /* SourGummy-MediumItalic.ttf in Resources */,
				A7120F2B2D15422300EF3FA9 /* SourGummy_SemiExpanded-Regular.ttf in Resources */,
				A7120F2C2D15422300EF3FA9 /* SourGummy_Expanded-Italic.ttf in Resources */,
				DF3B094F2CECD3AB00F189B1 /* Preview Assets.xcassets in Resources */,
				DF25C9CD2CFF43E2009FBB96 /* .gitignore in Resources */,
				DF3B094C2CECD3AB00F189B1 /* Assets.xcassets in Resources */,
			);
			runOnlyForDeploymentPostprocessing = 0;
		};
/* End PBXResourcesBuildPhase section */

/* Begin PBXSourcesBuildPhase section */
		DF3B09402CECD3AA00F189B1 /* Sources */ = {
			isa = PBXSourcesBuildPhase;
			buildActionMask = 2147483647;
			files = (
				DF55AA352CF6B427008222FF /* ProfileView.swift in Sources */,
				DF3B094A2CECD3AA00F189B1 /* ContentView.swift in Sources */,
				DF55AA322CF6B412008222FF /* BookmarkView.swift in Sources */,
				DFB8D1822CF221BB0029DE6B /* LoginView.swift in Sources */,
				DFDAE9FD2CFB3E3500EE0F05 /* Extension+Color.swift in Sources */,
				DF7249452CF4307800C31748 /* OnboardingView.swift in Sources */,
				DF7249482CF43EB800C31748 /* MaintabView.swift in Sources */,
				DF4FFEED2CFEAAA5006C1D5C /* HeatMapView.swift in Sources */,
				A70882FC2D0AC0BA00E7DF43 /* AppDelegate.swift in Sources */,
				DF55AA2F2CF6B3FB008222FF /* CalendarView.swift in Sources */,
				DFDA10D92CF9EA6200BC2312 /* model.swift in Sources */,
				DFDA10DB2CF9EB5100BC2312 /* viewModel.swift in Sources */,
				DF3B09482CECD3AA00F189B1 /* EUMMEYOApp.swift in Sources */,
			);
			runOnlyForDeploymentPostprocessing = 0;
		};
/* End PBXSourcesBuildPhase section */

/* Begin XCBuildConfiguration section */
		DF3B09502CECD3AB00F189B1 /* Debug */ = {
			isa = XCBuildConfiguration;
			buildSettings = {
				ALWAYS_SEARCH_USER_PATHS = NO;
				ASSETCATALOG_COMPILER_GENERATE_SWIFT_ASSET_SYMBOL_EXTENSIONS = YES;
				CLANG_ANALYZER_NONNULL = YES;
				CLANG_ANALYZER_NUMBER_OBJECT_CONVERSION = YES_AGGRESSIVE;
				CLANG_CXX_LANGUAGE_STANDARD = "gnu++20";
				CLANG_ENABLE_MODULES = YES;
				CLANG_ENABLE_OBJC_ARC = YES;
				CLANG_ENABLE_OBJC_WEAK = YES;
				CLANG_WARN_BLOCK_CAPTURE_AUTORELEASING = YES;
				CLANG_WARN_BOOL_CONVERSION = YES;
				CLANG_WARN_COMMA = YES;
				CLANG_WARN_CONSTANT_CONVERSION = YES;
				CLANG_WARN_DEPRECATED_OBJC_IMPLEMENTATIONS = YES;
				CLANG_WARN_DIRECT_OBJC_ISA_USAGE = YES_ERROR;
				CLANG_WARN_DOCUMENTATION_COMMENTS = YES;
				CLANG_WARN_EMPTY_BODY = YES;
				CLANG_WARN_ENUM_CONVERSION = YES;
				CLANG_WARN_INFINITE_RECURSION = YES;
				CLANG_WARN_INT_CONVERSION = YES;
				CLANG_WARN_NON_LITERAL_NULL_CONVERSION = YES;
				CLANG_WARN_OBJC_IMPLICIT_RETAIN_SELF = YES;
				CLANG_WARN_OBJC_LITERAL_CONVERSION = YES;
				CLANG_WARN_OBJC_ROOT_CLASS = YES_ERROR;
				CLANG_WARN_QUOTED_INCLUDE_IN_FRAMEWORK_HEADER = YES;
				CLANG_WARN_RANGE_LOOP_ANALYSIS = YES;
				CLANG_WARN_STRICT_PROTOTYPES = YES;
				CLANG_WARN_SUSPICIOUS_MOVE = YES;
				CLANG_WARN_UNGUARDED_AVAILABILITY = YES_AGGRESSIVE;
				CLANG_WARN_UNREACHABLE_CODE = YES;
				CLANG_WARN__DUPLICATE_METHOD_MATCH = YES;
				COPY_PHASE_STRIP = NO;
				DEBUG_INFORMATION_FORMAT = dwarf;
				ENABLE_STRICT_OBJC_MSGSEND = YES;
				ENABLE_TESTABILITY = YES;
				ENABLE_USER_SCRIPT_SANDBOXING = YES;
				GCC_C_LANGUAGE_STANDARD = gnu17;
				GCC_DYNAMIC_NO_PIC = NO;
				GCC_NO_COMMON_BLOCKS = YES;
				GCC_OPTIMIZATION_LEVEL = 0;
				GCC_PREPROCESSOR_DEFINITIONS = (
					"DEBUG=1",
					"$(inherited)",
				);
				GCC_WARN_64_TO_32_BIT_CONVERSION = YES;
				GCC_WARN_ABOUT_RETURN_TYPE = YES_ERROR;
				GCC_WARN_UNDECLARED_SELECTOR = YES;
				GCC_WARN_UNINITIALIZED_AUTOS = YES_AGGRESSIVE;
				GCC_WARN_UNUSED_FUNCTION = YES;
				GCC_WARN_UNUSED_VARIABLE = YES;
				IPHONEOS_DEPLOYMENT_TARGET = 17.0;
				LOCALIZATION_PREFERS_STRING_CATALOGS = YES;
				MTL_ENABLE_DEBUG_INFO = INCLUDE_SOURCE;
				MTL_FAST_MATH = YES;
				ONLY_ACTIVE_ARCH = YES;
				SDKROOT = iphoneos;
				SWIFT_ACTIVE_COMPILATION_CONDITIONS = "DEBUG $(inherited)";
				SWIFT_OPTIMIZATION_LEVEL = "-Onone";
			};
			name = Debug;
		};
		DF3B09512CECD3AB00F189B1 /* Release */ = {
			isa = XCBuildConfiguration;
			buildSettings = {
				ALWAYS_SEARCH_USER_PATHS = NO;
				ASSETCATALOG_COMPILER_GENERATE_SWIFT_ASSET_SYMBOL_EXTENSIONS = YES;
				CLANG_ANALYZER_NONNULL = YES;
				CLANG_ANALYZER_NUMBER_OBJECT_CONVERSION = YES_AGGRESSIVE;
				CLANG_CXX_LANGUAGE_STANDARD = "gnu++20";
				CLANG_ENABLE_MODULES = YES;
				CLANG_ENABLE_OBJC_ARC = YES;
				CLANG_ENABLE_OBJC_WEAK = YES;
				CLANG_WARN_BLOCK_CAPTURE_AUTORELEASING = YES;
				CLANG_WARN_BOOL_CONVERSION = YES;
				CLANG_WARN_COMMA = YES;
				CLANG_WARN_CONSTANT_CONVERSION = YES;
				CLANG_WARN_DEPRECATED_OBJC_IMPLEMENTATIONS = YES;
				CLANG_WARN_DIRECT_OBJC_ISA_USAGE = YES_ERROR;
				CLANG_WARN_DOCUMENTATION_COMMENTS = YES;
				CLANG_WARN_EMPTY_BODY = YES;
				CLANG_WARN_ENUM_CONVERSION = YES;
				CLANG_WARN_INFINITE_RECURSION = YES;
				CLANG_WARN_INT_CONVERSION = YES;
				CLANG_WARN_NON_LITERAL_NULL_CONVERSION = YES;
				CLANG_WARN_OBJC_IMPLICIT_RETAIN_SELF = YES;
				CLANG_WARN_OBJC_LITERAL_CONVERSION = YES;
				CLANG_WARN_OBJC_ROOT_CLASS = YES_ERROR;
				CLANG_WARN_QUOTED_INCLUDE_IN_FRAMEWORK_HEADER = YES;
				CLANG_WARN_RANGE_LOOP_ANALYSIS = YES;
				CLANG_WARN_STRICT_PROTOTYPES = YES;
				CLANG_WARN_SUSPICIOUS_MOVE = YES;
				CLANG_WARN_UNGUARDED_AVAILABILITY = YES_AGGRESSIVE;
				CLANG_WARN_UNREACHABLE_CODE = YES;
				CLANG_WARN__DUPLICATE_METHOD_MATCH = YES;
				COPY_PHASE_STRIP = NO;
				DEBUG_INFORMATION_FORMAT = "dwarf-with-dsym";
				ENABLE_NS_ASSERTIONS = NO;
				ENABLE_STRICT_OBJC_MSGSEND = YES;
				ENABLE_USER_SCRIPT_SANDBOXING = YES;
				GCC_C_LANGUAGE_STANDARD = gnu17;
				GCC_NO_COMMON_BLOCKS = YES;
				GCC_WARN_64_TO_32_BIT_CONVERSION = YES;
				GCC_WARN_ABOUT_RETURN_TYPE = YES_ERROR;
				GCC_WARN_UNDECLARED_SELECTOR = YES;
				GCC_WARN_UNINITIALIZED_AUTOS = YES_AGGRESSIVE;
				GCC_WARN_UNUSED_FUNCTION = YES;
				GCC_WARN_UNUSED_VARIABLE = YES;
				IPHONEOS_DEPLOYMENT_TARGET = 17.0;
				LOCALIZATION_PREFERS_STRING_CATALOGS = YES;
				MTL_ENABLE_DEBUG_INFO = NO;
				MTL_FAST_MATH = YES;
				SDKROOT = iphoneos;
				SWIFT_COMPILATION_MODE = wholemodule;
				VALIDATE_PRODUCT = YES;
			};
			name = Release;
		};
		DF3B09532CECD3AB00F189B1 /* Debug */ = {
			isa = XCBuildConfiguration;
			buildSettings = {
				ASSETCATALOG_COMPILER_APPICON_NAME = AppIcon;
				ASSETCATALOG_COMPILER_GLOBAL_ACCENT_COLOR_NAME = AccentColor;
				CODE_SIGN_ENTITLEMENTS = EUMMEYO/EUMMEYODebug.entitlements;
				"CODE_SIGN_IDENTITY[sdk=iphoneos*]" = "iPhone Developer";
				CODE_SIGN_STYLE = Manual;
				CURRENT_PROJECT_VERSION = 1;
				DEVELOPMENT_ASSET_PATHS = "\"EUMMEYO/Preview Content\"";
				DEVELOPMENT_TEAM = "";
				"DEVELOPMENT_TEAM[sdk=iphoneos*]" = LGX4B4WC66;
				ENABLE_PREVIEWS = YES;
				GENERATE_INFOPLIST_FILE = YES;
				INFOPLIST_FILE = EUMMEYO/Info.plist;
				INFOPLIST_KEY_UIApplicationSceneManifest_Generation = YES;
				INFOPLIST_KEY_UIApplicationSupportsIndirectInputEvents = YES;
				INFOPLIST_KEY_UILaunchScreen_Generation = YES;
				INFOPLIST_KEY_UISupportedInterfaceOrientations = UIInterfaceOrientationPortrait;
				INFOPLIST_KEY_UIUserInterfaceStyle = Light;
				IPHONEOS_DEPLOYMENT_TARGET = 17.6;
				LD_RUNPATH_SEARCH_PATHS = (
					"$(inherited)",
					"@executable_path/Frameworks",
				);
				MARKETING_VERSION = 1.0;
				PRODUCT_BUNDLE_IDENTIFIER = com.reti.EUMMEYO;
				PRODUCT_NAME = "$(TARGET_NAME)";
				PROVISIONING_PROFILE_SPECIFIER = "";
				"PROVISIONING_PROFILE_SPECIFIER[sdk=iphoneos*]" = EUMMEYO_Development;
				SWIFT_EMIT_LOC_STRINGS = YES;
				SWIFT_VERSION = 5.0;
				TARGETED_DEVICE_FAMILY = "1,2";
			};
			name = Debug;
		};
		DF3B09542CECD3AB00F189B1 /* Release */ = {
			isa = XCBuildConfiguration;
			buildSettings = {
				ASSETCATALOG_COMPILER_APPICON_NAME = AppIcon;
				ASSETCATALOG_COMPILER_GLOBAL_ACCENT_COLOR_NAME = AccentColor;
				CODE_SIGN_STYLE = Manual;
				CURRENT_PROJECT_VERSION = 1;
				DEVELOPMENT_ASSET_PATHS = "\"EUMMEYO/Preview Content\"";
				DEVELOPMENT_TEAM = "";
				ENABLE_PREVIEWS = YES;
				GENERATE_INFOPLIST_FILE = YES;
				INFOPLIST_FILE = EUMMEYO/Info.plist;
				INFOPLIST_KEY_UIApplicationSceneManifest_Generation = YES;
				INFOPLIST_KEY_UIApplicationSupportsIndirectInputEvents = YES;
				INFOPLIST_KEY_UILaunchScreen_Generation = YES;
				INFOPLIST_KEY_UISupportedInterfaceOrientations = UIInterfaceOrientationPortrait;
				INFOPLIST_KEY_UIUserInterfaceStyle = Light;
				IPHONEOS_DEPLOYMENT_TARGET = 17.6;
				LD_RUNPATH_SEARCH_PATHS = (
					"$(inherited)",
					"@executable_path/Frameworks",
				);
				MARKETING_VERSION = 1.0;
				PRODUCT_BUNDLE_IDENTIFIER = "com.reti.-EUMMEYO.EUMMEYO";
				PRODUCT_NAME = "$(TARGET_NAME)";
				PROVISIONING_PROFILE_SPECIFIER = "";
				SWIFT_EMIT_LOC_STRINGS = YES;
				SWIFT_VERSION = 5.0;
				TARGETED_DEVICE_FAMILY = "1,2";
			};
			name = Release;
		};
/* End XCBuildConfiguration section */

/* Begin XCConfigurationList section */
		DF3B093F2CECD3AA00F189B1 /* Build configuration list for PBXProject "EUMMEYO" */ = {
			isa = XCConfigurationList;
			buildConfigurations = (
				DF3B09502CECD3AB00F189B1 /* Debug */,
				DF3B09512CECD3AB00F189B1 /* Release */,
			);
			defaultConfigurationIsVisible = 0;
			defaultConfigurationName = Release;
		};
		DF3B09522CECD3AB00F189B1 /* Build configuration list for PBXNativeTarget "EUMMEYO" */ = {
			isa = XCConfigurationList;
			buildConfigurations = (
				DF3B09532CECD3AB00F189B1 /* Debug */,
				DF3B09542CECD3AB00F189B1 /* Release */,
			);
			defaultConfigurationIsVisible = 0;
			defaultConfigurationName = Release;
		};
/* End XCConfigurationList section */

/* Begin XCRemoteSwiftPackageReference section */
		A70882F62D0ABF7F00E7DF43 /* XCRemoteSwiftPackageReference "firebase-ios-sdk" */ = {
			isa = XCRemoteSwiftPackageReference;
			repositoryURL = "https://github.com/firebase/firebase-ios-sdk";
			requirement = {
				kind = upToNextMajorVersion;
				minimumVersion = 11.6.0;
			};
		};
/* End XCRemoteSwiftPackageReference section */

/* Begin XCSwiftPackageProductDependency section */
		A70882F72D0ABF7F00E7DF43 /* FirebaseAuth */ = {
			isa = XCSwiftPackageProductDependency;
			package = A70882F62D0ABF7F00E7DF43 /* XCRemoteSwiftPackageReference "firebase-ios-sdk" */;
			productName = FirebaseAuth;
		};
/* End XCSwiftPackageProductDependency section */
	};
	rootObject = DF3B093C2CECD3AA00F189B1 /* Project object */;
}
