// !$*UTF8*$!
{
	archiveVersion = 1;
	classes = {
	};
	objectVersion = 70;
	objects = {

/* Begin PBXBuildFile section */
		8906064D2D2D203F00279E6B /* MemoDBRepository.swift in Sources */ = {isa = PBXBuildFile; fileRef = 8906064C2D2D203600279E6B /* MemoDBRepository.swift */; };
		8906064F2D2D471000279E6B /* GPTAPIService.swift in Sources */ = {isa = PBXBuildFile; fileRef = 8906064E2D2D46FF00279E6B /* GPTAPIService.swift */; };
		890606542D36633000279E6B /* AudioRecorderManager.swift in Sources */ = {isa = PBXBuildFile; fileRef = 890606532D36632800279E6B /* AudioRecorderManager.swift */; };
		8983EF9F2D3FDF46001AB5A7 /* BookmarkViewModel.swift in Sources */ = {isa = PBXBuildFile; fileRef = 8983EF9E2D3FDF40001AB5A7 /* BookmarkViewModel.swift */; };
		A788289F2D6C78A3000252D6 /* FirebaseStorage in Frameworks */ = {isa = PBXBuildFile; productRef = A788289E2D6C78A3000252D6 /* FirebaseStorage */; };
		A78828A12D6C7B64000252D6 /* FirebaseFirestore in Frameworks */ = {isa = PBXBuildFile; productRef = A78828A02D6C7B64000252D6 /* FirebaseFirestore */; };
		A7B05D952DA7B27000831B8C /* MemoDetailView.swift in Sources */ = {isa = PBXBuildFile; fileRef = A7B05D942DA7B27000831B8C /* MemoDetailView.swift */; };
		A7B05D972DA7B44000831B8C /* AudioPlayerManager.swift in Sources */ = {isa = PBXBuildFile; fileRef = A7B05D962DA7B44000831B8C /* AudioPlayerManager.swift */; };
		A7C1F3F32D6063E800FDDFAE /* MemoService.swift in Sources */ = {isa = PBXBuildFile; fileRef = A7C1F3F22D6063E800FDDFAE /* MemoService.swift */; };
		A7F9358B2D2C0AD90054253E /* ProfileViewModel.swift in Sources */ = {isa = PBXBuildFile; fileRef = A7F9358A2D2C0AD90054253E /* ProfileViewModel.swift */; };
		DF25C9CD2CFF43E2009FBB96 /* .gitignore in Resources */ = {isa = PBXBuildFile; fileRef = DF25C9CC2CFF43E2009FBB96 /* .gitignore */; };
		DF39BA152D85D00600968EA3 /* .env in Resources */ = {isa = PBXBuildFile; fileRef = DF39BA142D85D00400968EA3 /* .env */; };
		DF3B09482CECD3AA00F189B1 /* EUMMEYOApp.swift in Sources */ = {isa = PBXBuildFile; fileRef = DF3B09472CECD3AA00F189B1 /* EUMMEYOApp.swift */; };
		DF3B094C2CECD3AB00F189B1 /* Assets.xcassets in Resources */ = {isa = PBXBuildFile; fileRef = DF3B094B2CECD3AB00F189B1 /* Assets.xcassets */; };
		DF55AA2F2CF6B3FB008222FF /* CalendarView.swift in Sources */ = {isa = PBXBuildFile; fileRef = DF55AA2E2CF6B3FB008222FF /* CalendarView.swift */; };
		DF55AA322CF6B412008222FF /* BookmarkView.swift in Sources */ = {isa = PBXBuildFile; fileRef = DF55AA312CF6B412008222FF /* BookmarkView.swift */; };
		DF55AA352CF6B427008222FF /* ProfileView.swift in Sources */ = {isa = PBXBuildFile; fileRef = DF55AA342CF6B427008222FF /* ProfileView.swift */; };
		DF566EEE2D6E09310042471B /* README.md in Resources */ = {isa = PBXBuildFile; fileRef = DF566EED2D6E09310042471B /* README.md */; };
		DF642AD12D19BA670094DCD4 /* AuthenticationView.swift in Sources */ = {isa = PBXBuildFile; fileRef = DF642AD02D19BA670094DCD4 /* AuthenticationView.swift */; };
		DF642AD32D19BA730094DCD4 /* AuthenticationViewModel.swift in Sources */ = {isa = PBXBuildFile; fileRef = DF642AD22D19BA730094DCD4 /* AuthenticationViewModel.swift */; };
		DF642AD52D19BF3E0094DCD4 /* UserService.swift in Sources */ = {isa = PBXBuildFile; fileRef = DF642AD42D19BF3E0094DCD4 /* UserService.swift */; };
		DF642AD82D19BFD80094DCD4 /* UserDBRepository.swift in Sources */ = {isa = PBXBuildFile; fileRef = DF642AD72D19BFD80094DCD4 /* UserDBRepository.swift */; };
		DF642ADC2D19C12E0094DCD4 /* Constant.swift in Sources */ = {isa = PBXBuildFile; fileRef = DF642ADB2D19C12E0094DCD4 /* Constant.swift */; };
		DF6B699A2D23DACF00B02485 /* NicknameSettingView.swift in Sources */ = {isa = PBXBuildFile; fileRef = DF6B69992D23DACF00B02485 /* NicknameSettingView.swift */; };
		DF71B3732D1838C6009B705F /* GoogleService-Info.plist in Resources */ = {isa = PBXBuildFile; fileRef = DF71B3722D1838C6009B705F /* GoogleService-Info.plist */; };
		DF71B3752D1838EA009B705F /* AppDelegate.swift in Sources */ = {isa = PBXBuildFile; fileRef = DF71B3742D1838EA009B705F /* AppDelegate.swift */; };
		DF71B3802D183ADF009B705F /* User.swift in Sources */ = {isa = PBXBuildFile; fileRef = DF71B37F2D183ADF009B705F /* User.swift */; };
		DF71B3832D183D3E009B705F /* DIContainer.swift in Sources */ = {isa = PBXBuildFile; fileRef = DF71B3822D183D3E009B705F /* DIContainer.swift */; };
		DF71B3872D183D9B009B705F /* Services.swift in Sources */ = {isa = PBXBuildFile; fileRef = DF71B3862D183D9B009B705F /* Services.swift */; };
		DF71B3892D183DFF009B705F /* AuthenticationService.swift in Sources */ = {isa = PBXBuildFile; fileRef = DF71B3882D183DFF009B705F /* AuthenticationService.swift */; };
		DF7249452CF4307800C31748 /* OnboardingView.swift in Sources */ = {isa = PBXBuildFile; fileRef = DF7249442CF4307800C31748 /* OnboardingView.swift */; };
		DF7249482CF43EB800C31748 /* MaintabView.swift in Sources */ = {isa = PBXBuildFile; fileRef = DF7249472CF43EB800C31748 /* MaintabView.swift */; };
		DFA399F02D5B2837001298D7 /* PromptDBRepository.swift in Sources */ = {isa = PBXBuildFile; fileRef = DFA399EF2D5B2837001298D7 /* PromptDBRepository.swift */; };
		DFA399F22D5B3BBA001298D7 /* AddMemoViewModel.swift in Sources */ = {isa = PBXBuildFile; fileRef = DFA399F12D5B3BB4001298D7 /* AddMemoViewModel.swift */; };
		DFA502512D674F1F00DC37B5 /* Navigation+.swift in Sources */ = {isa = PBXBuildFile; fileRef = DFA502502D674F0C00DC37B5 /* Navigation+.swift */; };
		DFA7B0452D23A8F200F79959 /* FirebaseAuth in Frameworks */ = {isa = PBXBuildFile; productRef = DFA7B0442D23A8F200F79959 /* FirebaseAuth */; };
		DFA7B0472D23A8F200F79959 /* FirebaseDatabase in Frameworks */ = {isa = PBXBuildFile; productRef = DFA7B0462D23A8F200F79959 /* FirebaseDatabase */; };
		DFA7B04A2D23A91200F79959 /* GoogleSignIn in Frameworks */ = {isa = PBXBuildFile; productRef = DFA7B0492D23A91200F79959 /* GoogleSignIn */; };
		DFA7B04C2D23A91200F79959 /* GoogleSignInSwift in Frameworks */ = {isa = PBXBuildFile; productRef = DFA7B04B2D23A91200F79959 /* GoogleSignInSwift */; };
		DFA7B04D2D23A96A00F79959 /* AddMemoView.swift in Sources */ = {isa = PBXBuildFile; fileRef = 892F61B32D1AD6E80002E7EB /* AddMemoView.swift */; };
		DFB8D1822CF221BB0029DE6B /* LoginView.swift in Sources */ = {isa = PBXBuildFile; fileRef = DFB8D1812CF221BB0029DE6B /* LoginView.swift */; };
		DFDA10DB2CF9EB5100BC2312 /* CalendarViewModel.swift in Sources */ = {isa = PBXBuildFile; fileRef = DFDA10DA2CF9EB5100BC2312 /* CalendarViewModel.swift */; };
		DFDAE9FD2CFB3E3500EE0F05 /* Color+.swift in Sources */ = {isa = PBXBuildFile; fileRef = DFDAE9FC2CFB3E3500EE0F05 /* Color+.swift */; };
		DFDBB9422DA6BBB6002F42FC /* NicknameSettingView_save.swift in Sources */ = {isa = PBXBuildFile; fileRef = DFDBB9412DA6BBB6002F42FC /* NicknameSettingView_save.swift */; };
/* End PBXBuildFile section */

/* Begin PBXFileReference section */
		8906064C2D2D203600279E6B /* MemoDBRepository.swift */ = {isa = PBXFileReference; lastKnownFileType = sourcecode.swift; path = MemoDBRepository.swift; sourceTree = "<group>"; };
		8906064E2D2D46FF00279E6B /* GPTAPIService.swift */ = {isa = PBXFileReference; lastKnownFileType = sourcecode.swift; path = GPTAPIService.swift; sourceTree = "<group>"; };
		890606502D2E629400279E6B /* Config.xcconfig */ = {isa = PBXFileReference; lastKnownFileType = text.xcconfig; path = Config.xcconfig; sourceTree = "<group>"; };
		890606532D36632800279E6B /* AudioRecorderManager.swift */ = {isa = PBXFileReference; lastKnownFileType = sourcecode.swift; path = AudioRecorderManager.swift; sourceTree = "<group>"; };
		892F61B32D1AD6E80002E7EB /* AddMemoView.swift */ = {isa = PBXFileReference; lastKnownFileType = sourcecode.swift; path = AddMemoView.swift; sourceTree = "<group>"; };
		8983EF9E2D3FDF40001AB5A7 /* BookmarkViewModel.swift */ = {isa = PBXFileReference; lastKnownFileType = sourcecode.swift; path = BookmarkViewModel.swift; sourceTree = "<group>"; };
		A7B05D942DA7B27000831B8C /* MemoDetailView.swift */ = {isa = PBXFileReference; lastKnownFileType = sourcecode.swift; path = MemoDetailView.swift; sourceTree = "<group>"; };
		A7B05D962DA7B44000831B8C /* AudioPlayerManager.swift */ = {isa = PBXFileReference; lastKnownFileType = sourcecode.swift; path = AudioPlayerManager.swift; sourceTree = "<group>"; };
		A7C1F3F22D6063E800FDDFAE /* MemoService.swift */ = {isa = PBXFileReference; lastKnownFileType = sourcecode.swift; path = MemoService.swift; sourceTree = "<group>"; };
		A7F9358A2D2C0AD90054253E /* ProfileViewModel.swift */ = {isa = PBXFileReference; lastKnownFileType = sourcecode.swift; path = ProfileViewModel.swift; sourceTree = "<group>"; };
		DF25C9CC2CFF43E2009FBB96 /* .gitignore */ = {isa = PBXFileReference; fileEncoding = 4; lastKnownFileType = text; path = .gitignore; sourceTree = "<group>"; };
		DF39BA112D85CE8D00968EA3 /* Makefile */ = {isa = PBXFileReference; lastKnownFileType = sourcecode.make; path = Makefile; sourceTree = "<group>"; };
		DF39BA142D85D00400968EA3 /* .env */ = {isa = PBXFileReference; lastKnownFileType = text; path = .env; sourceTree = "<group>"; };
		DF3B09442CECD3AA00F189B1 /* EUMMEYO.app */ = {isa = PBXFileReference; explicitFileType = wrapper.application; includeInIndex = 0; path = EUMMEYO.app; sourceTree = BUILT_PRODUCTS_DIR; };
		DF3B09472CECD3AA00F189B1 /* EUMMEYOApp.swift */ = {isa = PBXFileReference; lastKnownFileType = sourcecode.swift; path = EUMMEYOApp.swift; sourceTree = "<group>"; };
		DF3B094B2CECD3AB00F189B1 /* Assets.xcassets */ = {isa = PBXFileReference; lastKnownFileType = folder.assetcatalog; path = Assets.xcassets; sourceTree = "<group>"; };
		DF55AA2E2CF6B3FB008222FF /* CalendarView.swift */ = {isa = PBXFileReference; lastKnownFileType = sourcecode.swift; path = CalendarView.swift; sourceTree = "<group>"; };
		DF55AA312CF6B412008222FF /* BookmarkView.swift */ = {isa = PBXFileReference; lastKnownFileType = sourcecode.swift; path = BookmarkView.swift; sourceTree = "<group>"; };
		DF55AA342CF6B427008222FF /* ProfileView.swift */ = {isa = PBXFileReference; lastKnownFileType = sourcecode.swift; path = ProfileView.swift; sourceTree = "<group>"; };
		DF566EED2D6E09310042471B /* README.md */ = {isa = PBXFileReference; lastKnownFileType = net.daringfireball.markdown; path = README.md; sourceTree = "<group>"; };
		DF642AD02D19BA670094DCD4 /* AuthenticationView.swift */ = {isa = PBXFileReference; lastKnownFileType = sourcecode.swift; path = AuthenticationView.swift; sourceTree = "<group>"; };
		DF642AD22D19BA730094DCD4 /* AuthenticationViewModel.swift */ = {isa = PBXFileReference; lastKnownFileType = sourcecode.swift; path = AuthenticationViewModel.swift; sourceTree = "<group>"; };
		DF642AD42D19BF3E0094DCD4 /* UserService.swift */ = {isa = PBXFileReference; lastKnownFileType = sourcecode.swift; path = UserService.swift; sourceTree = "<group>"; };
		DF642AD72D19BFD80094DCD4 /* UserDBRepository.swift */ = {isa = PBXFileReference; lastKnownFileType = sourcecode.swift; path = UserDBRepository.swift; sourceTree = "<group>"; };
		DF642ADB2D19C12E0094DCD4 /* Constant.swift */ = {isa = PBXFileReference; lastKnownFileType = sourcecode.swift; path = Constant.swift; sourceTree = "<group>"; };
		DF642ADD2D19C5670094DCD4 /* Info.plist */ = {isa = PBXFileReference; lastKnownFileType = text.plist.xml; path = Info.plist; sourceTree = "<group>"; };
		DF6B69992D23DACF00B02485 /* NicknameSettingView.swift */ = {isa = PBXFileReference; fileEncoding = 4; lastKnownFileType = sourcecode.swift; path = NicknameSettingView.swift; sourceTree = "<group>"; };
		DF71B3722D1838C6009B705F /* GoogleService-Info.plist */ = {isa = PBXFileReference; fileEncoding = 4; lastKnownFileType = text.plist.xml; path = "GoogleService-Info.plist"; sourceTree = "<group>"; };
		DF71B3742D1838EA009B705F /* AppDelegate.swift */ = {isa = PBXFileReference; lastKnownFileType = sourcecode.swift; path = AppDelegate.swift; sourceTree = "<group>"; };
		DF71B37F2D183ADF009B705F /* User.swift */ = {isa = PBXFileReference; lastKnownFileType = sourcecode.swift; path = User.swift; sourceTree = "<group>"; };
		DF71B3822D183D3E009B705F /* DIContainer.swift */ = {isa = PBXFileReference; lastKnownFileType = sourcecode.swift; path = DIContainer.swift; sourceTree = "<group>"; };
		DF71B3862D183D9B009B705F /* Services.swift */ = {isa = PBXFileReference; lastKnownFileType = sourcecode.swift; path = Services.swift; sourceTree = "<group>"; };
		DF71B3882D183DFF009B705F /* AuthenticationService.swift */ = {isa = PBXFileReference; lastKnownFileType = sourcecode.swift; path = AuthenticationService.swift; sourceTree = "<group>"; };
		DF7249442CF4307800C31748 /* OnboardingView.swift */ = {isa = PBXFileReference; lastKnownFileType = sourcecode.swift; path = OnboardingView.swift; sourceTree = "<group>"; };
		DF7249472CF43EB800C31748 /* MaintabView.swift */ = {isa = PBXFileReference; lastKnownFileType = sourcecode.swift; path = MaintabView.swift; sourceTree = "<group>"; };
		DF8847692D7993C30014A9B0 /* EUMMEYO.entitlements */ = {isa = PBXFileReference; lastKnownFileType = text.plist.entitlements; path = EUMMEYO.entitlements; sourceTree = "<group>"; };
		DFA399EF2D5B2837001298D7 /* PromptDBRepository.swift */ = {isa = PBXFileReference; lastKnownFileType = sourcecode.swift; path = PromptDBRepository.swift; sourceTree = "<group>"; };
		DFA399F12D5B3BB4001298D7 /* AddMemoViewModel.swift */ = {isa = PBXFileReference; lastKnownFileType = sourcecode.swift; path = AddMemoViewModel.swift; sourceTree = "<group>"; };
		DFA502502D674F0C00DC37B5 /* Navigation+.swift */ = {isa = PBXFileReference; lastKnownFileType = sourcecode.swift; path = "Navigation+.swift"; sourceTree = "<group>"; };
		DFB8D1812CF221BB0029DE6B /* LoginView.swift */ = {isa = PBXFileReference; lastKnownFileType = sourcecode.swift; path = LoginView.swift; sourceTree = "<group>"; };
		DFB8D1832CF2226C0029DE6B /* EUMMEYODebug.entitlements */ = {isa = PBXFileReference; lastKnownFileType = text.plist.entitlements; path = EUMMEYODebug.entitlements; sourceTree = "<group>"; };
		DFDA10DA2CF9EB5100BC2312 /* CalendarViewModel.swift */ = {isa = PBXFileReference; lastKnownFileType = sourcecode.swift; path = CalendarViewModel.swift; sourceTree = "<group>"; };
		DFDAE9FC2CFB3E3500EE0F05 /* Color+.swift */ = {isa = PBXFileReference; lastKnownFileType = sourcecode.swift; path = "Color+.swift"; sourceTree = "<group>"; };
		DFDBB9412DA6BBB6002F42FC /* NicknameSettingView_save.swift */ = {isa = PBXFileReference; lastKnownFileType = sourcecode.swift; path = NicknameSettingView_save.swift; sourceTree = "<group>"; };
/* End PBXFileReference section */

/* Begin PBXFileSystemSynchronizedRootGroup section */
		DFF221ED2DB3F1D10045B0E6 /* DynamicSize */ = {isa = PBXFileSystemSynchronizedRootGroup; explicitFileTypes = {}; explicitFolders = (); path = DynamicSize; sourceTree = "<group>"; };
/* End PBXFileSystemSynchronizedRootGroup section */

/* Begin PBXFrameworksBuildPhase section */
		DF3B09412CECD3AA00F189B1 /* Frameworks */ = {
			isa = PBXFrameworksBuildPhase;
			buildActionMask = 2147483647;
			files = (
				DFA7B0472D23A8F200F79959 /* FirebaseDatabase in Frameworks */,
				DFA7B0452D23A8F200F79959 /* FirebaseAuth in Frameworks */,
				DFA7B04A2D23A91200F79959 /* GoogleSignIn in Frameworks */,
				A788289F2D6C78A3000252D6 /* FirebaseStorage in Frameworks */,
				DFA7B04C2D23A91200F79959 /* GoogleSignInSwift in Frameworks */,
				A78828A12D6C7B64000252D6 /* FirebaseFirestore in Frameworks */,
			);
			runOnlyForDeploymentPostprocessing = 0;
		};
/* End PBXFrameworksBuildPhase section */

/* Begin PBXGroup section */
		A788289D2D6C78A3000252D6 /* Frameworks */ = {
			isa = PBXGroup;
			children = (
			);
			name = Frameworks;
			sourceTree = "<group>";
		};
		A7B05D932DA7B1B100831B8C /* ChildView */ = {
			isa = PBXGroup;
			children = (
				892F61B32D1AD6E80002E7EB /* AddMemoView.swift */,
				DFA399F12D5B3BB4001298D7 /* AddMemoViewModel.swift */,
				A7B05D942DA7B27000831B8C /* MemoDetailView.swift */,
			);
			path = ChildView;
			sourceTree = "<group>";
		};
		DF3B093B2CECD3AA00F189B1 = {
			isa = PBXGroup;
			children = (
				DF566EED2D6E09310042471B /* README.md */,
				DF25C9CC2CFF43E2009FBB96 /* .gitignore */,
				DF39BA142D85D00400968EA3 /* .env */,
				890606502D2E629400279E6B /* Config.xcconfig */,
				DF39BA112D85CE8D00968EA3 /* Makefile */,
				DF71B3722D1838C6009B705F /* GoogleService-Info.plist */,
				DF3B09462CECD3AA00F189B1 /* EUMMEYO */,
				A788289D2D6C78A3000252D6 /* Frameworks */,
				DF3B09452CECD3AA00F189B1 /* Products */,
			);
			sourceTree = "<group>";
		};
		DF3B09452CECD3AA00F189B1 /* Products */ = {
			isa = PBXGroup;
			children = (
				DF3B09442CECD3AA00F189B1 /* EUMMEYO.app */,
			);
			name = Products;
			sourceTree = "<group>";
		};
		DF3B09462CECD3AA00F189B1 /* EUMMEYO */ = {
			isa = PBXGroup;
			children = (
				DF8847692D7993C30014A9B0 /* EUMMEYO.entitlements */,
				DF642ADD2D19C5670094DCD4 /* Info.plist */,
				DFB8D1832CF2226C0029DE6B /* EUMMEYODebug.entitlements */,
				DF3B09472CECD3AA00F189B1 /* EUMMEYOApp.swift */,
				DF71B3742D1838EA009B705F /* AppDelegate.swift */,
				DF642AD62D19BFC40094DCD4 /* Repository */,
				DFDAE9FB2CFB3E2300EE0F05 /* Extension */,
				DFB8D1802CF221A10029DE6B /* View */,
				DF71B3842D183D60009B705F /* Service */,
				DF71B3812D183D31009B705F /* General */,
				DF71B37E2D183AD1009B705F /* Model */,
				DF3B094B2CECD3AB00F189B1 /* Assets.xcassets */,
			);
			path = EUMMEYO;
			sourceTree = "<group>";
		};
		DF55AA2D2CF6B3D3008222FF /* Calendar */ = {
			isa = PBXGroup;
			children = (
				DF55AA2E2CF6B3FB008222FF /* CalendarView.swift */,
				DFDA10DA2CF9EB5100BC2312 /* CalendarViewModel.swift */,
				A7B05D932DA7B1B100831B8C /* ChildView */,
			);
			path = Calendar;
			sourceTree = "<group>";
		};
		DF55AA302CF6B404008222FF /* Bookmark */ = {
			isa = PBXGroup;
			children = (
				DF55AA312CF6B412008222FF /* BookmarkView.swift */,
				8983EF9E2D3FDF40001AB5A7 /* BookmarkViewModel.swift */,
			);
			path = Bookmark;
			sourceTree = "<group>";
		};
		DF55AA332CF6B418008222FF /* Profile */ = {
			isa = PBXGroup;
			children = (
				DF55AA342CF6B427008222FF /* ProfileView.swift */,
				A7F9358A2D2C0AD90054253E /* ProfileViewModel.swift */,
			);
			path = Profile;
			sourceTree = "<group>";
		};
		DF642ACF2D19BA5A0094DCD4 /* Authentication */ = {
			isa = PBXGroup;
			children = (
				DF642AD02D19BA670094DCD4 /* AuthenticationView.swift */,
				DF642AD22D19BA730094DCD4 /* AuthenticationViewModel.swift */,
			);
			path = Authentication;
			sourceTree = "<group>";
		};
		DF642AD62D19BFC40094DCD4 /* Repository */ = {
			isa = PBXGroup;
			children = (
				8906064C2D2D203600279E6B /* MemoDBRepository.swift */,
				DF642AD72D19BFD80094DCD4 /* UserDBRepository.swift */,
				DFA399EF2D5B2837001298D7 /* PromptDBRepository.swift */,
			);
			path = Repository;
			sourceTree = "<group>";
		};
		DF71B37E2D183AD1009B705F /* Model */ = {
			isa = PBXGroup;
			children = (
				DF71B37F2D183ADF009B705F /* User.swift */,
			);
			path = Model;
			sourceTree = "<group>";
		};
		DF71B3812D183D31009B705F /* General */ = {
			isa = PBXGroup;
			children = (
				DF71B3822D183D3E009B705F /* DIContainer.swift */,
				DFF221ED2DB3F1D10045B0E6 /* DynamicSize */,
				DF642ADB2D19C12E0094DCD4 /* Constant.swift */,
			);
			path = General;
			sourceTree = "<group>";
		};
		DF71B3842D183D60009B705F /* Service */ = {
			isa = PBXGroup;
			children = (
				DF71B3862D183D9B009B705F /* Services.swift */,
				DF642AD42D19BF3E0094DCD4 /* UserService.swift */,
				A7C1F3F22D6063E800FDDFAE /* MemoService.swift */,
				8906064E2D2D46FF00279E6B /* GPTAPIService.swift */,
				DF71B3882D183DFF009B705F /* AuthenticationService.swift */,
				890606532D36632800279E6B /* AudioRecorderManager.swift */,
				A7B05D962DA7B44000831B8C /* AudioPlayerManager.swift */,
			);
			path = Service;
			sourceTree = "<group>";
		};
		DF7249422CF4306200C31748 /* Login */ = {
			isa = PBXGroup;
			children = (
				DFB8D1812CF221BB0029DE6B /* LoginView.swift */,
			);
			path = Login;
			sourceTree = "<group>";
		};
		DF7249432CF4306A00C31748 /* Onboarding */ = {
			isa = PBXGroup;
			children = (
				DF7249442CF4307800C31748 /* OnboardingView.swift */,
			);
			path = Onboarding;
			sourceTree = "<group>";
		};
		DF7249462CF43EA700C31748 /* MainTab */ = {
			isa = PBXGroup;
			children = (
				DF7249472CF43EB800C31748 /* MaintabView.swift */,
			);
			path = MainTab;
			sourceTree = "<group>";
		};
		DFB8D1802CF221A10029DE6B /* View */ = {
			isa = PBXGroup;
			children = (
				DF7249432CF4306A00C31748 /* Onboarding */,
				DFC6E68C2D22D91700244544 /* Nickname */,
				DF642ACF2D19BA5A0094DCD4 /* Authentication */,
				DF7249422CF4306200C31748 /* Login */,
				DF7249462CF43EA700C31748 /* MainTab */,
				DF55AA2D2CF6B3D3008222FF /* Calendar */,
				DF55AA302CF6B404008222FF /* Bookmark */,
				DF55AA332CF6B418008222FF /* Profile */,
			);
			path = View;
			sourceTree = "<group>";
		};
		DFC6E68C2D22D91700244544 /* Nickname */ = {
			isa = PBXGroup;
			children = (
				DF6B69992D23DACF00B02485 /* NicknameSettingView.swift */,
				DFDBB9412DA6BBB6002F42FC /* NicknameSettingView_save.swift */,
			);
			path = Nickname;
			sourceTree = "<group>";
		};
		DFDAE9FB2CFB3E2300EE0F05 /* Extension */ = {
			isa = PBXGroup;
			children = (
				DFA502502D674F0C00DC37B5 /* Navigation+.swift */,
				DFDAE9FC2CFB3E3500EE0F05 /* Color+.swift */,
			);
			path = Extension;
			sourceTree = "<group>";
		};
/* End PBXGroup section */

/* Begin PBXNativeTarget section */
		DF3B09432CECD3AA00F189B1 /* EUMMEYO */ = {
			isa = PBXNativeTarget;
			buildConfigurationList = DF3B09522CECD3AB00F189B1 /* Build configuration list for PBXNativeTarget "EUMMEYO" */;
			buildPhases = (
				DF3B09402CECD3AA00F189B1 /* Sources */,
				DF3B09412CECD3AA00F189B1 /* Frameworks */,
				DF3B09422CECD3AA00F189B1 /* Resources */,
			);
			buildRules = (
			);
			dependencies = (
			);
			fileSystemSynchronizedGroups = (
				DFF221ED2DB3F1D10045B0E6 /* DynamicSize */,
			);
			name = EUMMEYO;
			packageProductDependencies = (
				DFA7B0442D23A8F200F79959 /* FirebaseAuth */,
				DFA7B0462D23A8F200F79959 /* FirebaseDatabase */,
				DFA7B0492D23A91200F79959 /* GoogleSignIn */,
				DFA7B04B2D23A91200F79959 /* GoogleSignInSwift */,
				A788289E2D6C78A3000252D6 /* FirebaseStorage */,
				A78828A02D6C7B64000252D6 /* FirebaseFirestore */,
			);
			productName = EUMMEYO;
			productReference = DF3B09442CECD3AA00F189B1 /* EUMMEYO.app */;
			productType = "com.apple.product-type.application";
		};
/* End PBXNativeTarget section */

/* Begin PBXProject section */
		DF3B093C2CECD3AA00F189B1 /* Project object */ = {
			isa = PBXProject;
			attributes = {
				BuildIndependentTargetsInParallel = 1;
				LastSwiftUpdateCheck = 1540;
				LastUpgradeCheck = 1610;
				TargetAttributes = {
					DF3B09432CECD3AA00F189B1 = {
						CreatedOnToolsVersion = 15.4;
					};
				};
			};
			buildConfigurationList = DF3B093F2CECD3AA00F189B1 /* Build configuration list for PBXProject "EUMMEYO" */;
			compatibilityVersion = "Xcode 14.0";
			developmentRegion = en;
			hasScannedForEncodings = 0;
			knownRegions = (
				en,
				Base,
			);
			mainGroup = DF3B093B2CECD3AA00F189B1;
			packageReferences = (
				DFA7B0432D23A8F200F79959 /* XCRemoteSwiftPackageReference "firebase-ios-sdk" */,
				DFA7B0482D23A91200F79959 /* XCRemoteSwiftPackageReference "GoogleSignIn-iOS" */,
			);
			productRefGroup = DF3B09452CECD3AA00F189B1 /* Products */;
			projectDirPath = "";
			projectRoot = "";
			targets = (
				DF3B09432CECD3AA00F189B1 /* EUMMEYO */,
			);
		};
/* End PBXProject section */

/* Begin PBXResourcesBuildPhase section */
		DF3B09422CECD3AA00F189B1 /* Resources */ = {
			isa = PBXResourcesBuildPhase;
			buildActionMask = 2147483647;
			files = (
				DF39BA152D85D00600968EA3 /* .env in Resources */,
				DF25C9CD2CFF43E2009FBB96 /* .gitignore in Resources */,
				DF71B3732D1838C6009B705F /* GoogleService-Info.plist in Resources */,
				DF566EEE2D6E09310042471B /* README.md in Resources */,
				DF3B094C2CECD3AB00F189B1 /* Assets.xcassets in Resources */,
			);
			runOnlyForDeploymentPostprocessing = 0;
		};
/* End PBXResourcesBuildPhase section */

/* Begin PBXSourcesBuildPhase section */
		DF3B09402CECD3AA00F189B1 /* Sources */ = {
			isa = PBXSourcesBuildPhase;
			buildActionMask = 2147483647;
			files = (
				DF55AA352CF6B427008222FF /* ProfileView.swift in Sources */,
				DF55AA322CF6B412008222FF /* BookmarkView.swift in Sources */,
				8906064F2D2D471000279E6B /* GPTAPIService.swift in Sources */,
				DFB8D1822CF221BB0029DE6B /* LoginView.swift in Sources */,
				DFA399F22D5B3BBA001298D7 /* AddMemoViewModel.swift in Sources */,
				DFDAE9FD2CFB3E3500EE0F05 /* Color+.swift in Sources */,
				DF7249452CF4307800C31748 /* OnboardingView.swift in Sources */,
				A7B05D972DA7B44000831B8C /* AudioPlayerManager.swift in Sources */,
				8906064D2D2D203F00279E6B /* MemoDBRepository.swift in Sources */,
				DF71B3802D183ADF009B705F /* User.swift in Sources */,
				DF642AD32D19BA730094DCD4 /* AuthenticationViewModel.swift in Sources */,
				A7F9358B2D2C0AD90054253E /* ProfileViewModel.swift in Sources */,
				A7B05D952DA7B27000831B8C /* MemoDetailView.swift in Sources */,
				DFA502512D674F1F00DC37B5 /* Navigation+.swift in Sources */,
				DF71B3832D183D3E009B705F /* DIContainer.swift in Sources */,
				DF7249482CF43EB800C31748 /* MaintabView.swift in Sources */,
				DF71B3752D1838EA009B705F /* AppDelegate.swift in Sources */,
				DF55AA2F2CF6B3FB008222FF /* CalendarView.swift in Sources */,
				A7C1F3F32D6063E800FDDFAE /* MemoService.swift in Sources */,
				DF642AD52D19BF3E0094DCD4 /* UserService.swift in Sources */,
				DF642ADC2D19C12E0094DCD4 /* Constant.swift in Sources */,
				DF642AD82D19BFD80094DCD4 /* UserDBRepository.swift in Sources */,
				DFDBB9422DA6BBB6002F42FC /* NicknameSettingView_save.swift in Sources */,
				DFA399F02D5B2837001298D7 /* PromptDBRepository.swift in Sources */,
				DF6B699A2D23DACF00B02485 /* NicknameSettingView.swift in Sources */,
				DF71B3892D183DFF009B705F /* AuthenticationService.swift in Sources */,
				DF642AD12D19BA670094DCD4 /* AuthenticationView.swift in Sources */,
				890606542D36633000279E6B /* AudioRecorderManager.swift in Sources */,
				DFA7B04D2D23A96A00F79959 /* AddMemoView.swift in Sources */,
				8983EF9F2D3FDF46001AB5A7 /* BookmarkViewModel.swift in Sources */,
				DF71B3872D183D9B009B705F /* Services.swift in Sources */,
				DFDA10DB2CF9EB5100BC2312 /* CalendarViewModel.swift in Sources */,
				DF3B09482CECD3AA00F189B1 /* EUMMEYOApp.swift in Sources */,
			);
			runOnlyForDeploymentPostprocessing = 0;
		};
/* End PBXSourcesBuildPhase section */

/* Begin XCBuildConfiguration section */
		DF3B09502CECD3AB00F189B1 /* Debug */ = {
			isa = XCBuildConfiguration;
			baseConfigurationReference = 890606502D2E629400279E6B /* Config.xcconfig */;
			buildSettings = {
				ALWAYS_SEARCH_USER_PATHS = NO;
				ASSETCATALOG_COMPILER_GENERATE_SWIFT_ASSET_SYMBOL_EXTENSIONS = YES;
				CLANG_ANALYZER_NONNULL = YES;
				CLANG_ANALYZER_NUMBER_OBJECT_CONVERSION = YES_AGGRESSIVE;
				CLANG_CXX_LANGUAGE_STANDARD = "gnu++20";
				CLANG_ENABLE_MODULES = YES;
				CLANG_ENABLE_OBJC_ARC = YES;
				CLANG_ENABLE_OBJC_WEAK = YES;
				CLANG_WARN_BLOCK_CAPTURE_AUTORELEASING = YES;
				CLANG_WARN_BOOL_CONVERSION = YES;
				CLANG_WARN_COMMA = YES;
				CLANG_WARN_CONSTANT_CONVERSION = YES;
				CLANG_WARN_DEPRECATED_OBJC_IMPLEMENTATIONS = YES;
				CLANG_WARN_DIRECT_OBJC_ISA_USAGE = YES_ERROR;
				CLANG_WARN_DOCUMENTATION_COMMENTS = YES;
				CLANG_WARN_EMPTY_BODY = YES;
				CLANG_WARN_ENUM_CONVERSION = YES;
				CLANG_WARN_INFINITE_RECURSION = YES;
				CLANG_WARN_INT_CONVERSION = YES;
				CLANG_WARN_NON_LITERAL_NULL_CONVERSION = YES;
				CLANG_WARN_OBJC_IMPLICIT_RETAIN_SELF = YES;
				CLANG_WARN_OBJC_LITERAL_CONVERSION = YES;
				CLANG_WARN_OBJC_ROOT_CLASS = YES_ERROR;
				CLANG_WARN_QUOTED_INCLUDE_IN_FRAMEWORK_HEADER = YES;
				CLANG_WARN_RANGE_LOOP_ANALYSIS = YES;
				CLANG_WARN_STRICT_PROTOTYPES = YES;
				CLANG_WARN_SUSPICIOUS_MOVE = YES;
				CLANG_WARN_UNGUARDED_AVAILABILITY = YES_AGGRESSIVE;
				CLANG_WARN_UNREACHABLE_CODE = YES;
				CLANG_WARN__DUPLICATE_METHOD_MATCH = YES;
				COPY_PHASE_STRIP = NO;
				DEBUG_INFORMATION_FORMAT = dwarf;
				ENABLE_STRICT_OBJC_MSGSEND = YES;
				ENABLE_TESTABILITY = YES;
				ENABLE_USER_SCRIPT_SANDBOXING = YES;
				GCC_C_LANGUAGE_STANDARD = gnu17;
				GCC_DYNAMIC_NO_PIC = NO;
				GCC_NO_COMMON_BLOCKS = YES;
				GCC_OPTIMIZATION_LEVEL = 0;
				GCC_PREPROCESSOR_DEFINITIONS = (
					"DEBUG=1",
					"$(inherited)",
				);
				GCC_WARN_64_TO_32_BIT_CONVERSION = YES;
				GCC_WARN_ABOUT_RETURN_TYPE = YES_ERROR;
				GCC_WARN_UNDECLARED_SELECTOR = YES;
				GCC_WARN_UNINITIALIZED_AUTOS = YES_AGGRESSIVE;
				GCC_WARN_UNUSED_FUNCTION = YES;
				GCC_WARN_UNUSED_VARIABLE = YES;
				IPHONEOS_DEPLOYMENT_TARGET = 17.0;
				LOCALIZATION_PREFERS_STRING_CATALOGS = YES;
				MTL_ENABLE_DEBUG_INFO = INCLUDE_SOURCE;
				MTL_FAST_MATH = YES;
				ONLY_ACTIVE_ARCH = YES;
				SDKROOT = iphoneos;
				SWIFT_ACTIVE_COMPILATION_CONDITIONS = "DEBUG $(inherited)";
				SWIFT_OPTIMIZATION_LEVEL = "-Onone";
			};
			name = Debug;
		};
		DF3B09512CECD3AB00F189B1 /* Release */ = {
			isa = XCBuildConfiguration;
			baseConfigurationReference = 890606502D2E629400279E6B /* Config.xcconfig */;
			buildSettings = {
				ALWAYS_SEARCH_USER_PATHS = NO;
				ASSETCATALOG_COMPILER_GENERATE_SWIFT_ASSET_SYMBOL_EXTENSIONS = YES;
				CLANG_ANALYZER_NONNULL = YES;
				CLANG_ANALYZER_NUMBER_OBJECT_CONVERSION = YES_AGGRESSIVE;
				CLANG_CXX_LANGUAGE_STANDARD = "gnu++20";
				CLANG_ENABLE_MODULES = YES;
				CLANG_ENABLE_OBJC_ARC = YES;
				CLANG_ENABLE_OBJC_WEAK = YES;
				CLANG_WARN_BLOCK_CAPTURE_AUTORELEASING = YES;
				CLANG_WARN_BOOL_CONVERSION = YES;
				CLANG_WARN_COMMA = YES;
				CLANG_WARN_CONSTANT_CONVERSION = YES;
				CLANG_WARN_DEPRECATED_OBJC_IMPLEMENTATIONS = YES;
				CLANG_WARN_DIRECT_OBJC_ISA_USAGE = YES_ERROR;
				CLANG_WARN_DOCUMENTATION_COMMENTS = YES;
				CLANG_WARN_EMPTY_BODY = YES;
				CLANG_WARN_ENUM_CONVERSION = YES;
				CLANG_WARN_INFINITE_RECURSION = YES;
				CLANG_WARN_INT_CONVERSION = YES;
				CLANG_WARN_NON_LITERAL_NULL_CONVERSION = YES;
				CLANG_WARN_OBJC_IMPLICIT_RETAIN_SELF = YES;
				CLANG_WARN_OBJC_LITERAL_CONVERSION = YES;
				CLANG_WARN_OBJC_ROOT_CLASS = YES_ERROR;
				CLANG_WARN_QUOTED_INCLUDE_IN_FRAMEWORK_HEADER = YES;
				CLANG_WARN_RANGE_LOOP_ANALYSIS = YES;
				CLANG_WARN_STRICT_PROTOTYPES = YES;
				CLANG_WARN_SUSPICIOUS_MOVE = YES;
				CLANG_WARN_UNGUARDED_AVAILABILITY = YES_AGGRESSIVE;
				CLANG_WARN_UNREACHABLE_CODE = YES;
				CLANG_WARN__DUPLICATE_METHOD_MATCH = YES;
				COPY_PHASE_STRIP = NO;
				DEBUG_INFORMATION_FORMAT = "dwarf-with-dsym";
				ENABLE_NS_ASSERTIONS = NO;
				ENABLE_STRICT_OBJC_MSGSEND = YES;
				ENABLE_USER_SCRIPT_SANDBOXING = YES;
				GCC_C_LANGUAGE_STANDARD = gnu17;
				GCC_NO_COMMON_BLOCKS = YES;
				GCC_WARN_64_TO_32_BIT_CONVERSION = YES;
				GCC_WARN_ABOUT_RETURN_TYPE = YES_ERROR;
				GCC_WARN_UNDECLARED_SELECTOR = YES;
				GCC_WARN_UNINITIALIZED_AUTOS = YES_AGGRESSIVE;
				GCC_WARN_UNUSED_FUNCTION = YES;
				GCC_WARN_UNUSED_VARIABLE = YES;
				IPHONEOS_DEPLOYMENT_TARGET = 17.0;
				LOCALIZATION_PREFERS_STRING_CATALOGS = YES;
				MTL_ENABLE_DEBUG_INFO = NO;
				MTL_FAST_MATH = YES;
				SDKROOT = iphoneos;
				SWIFT_COMPILATION_MODE = wholemodule;
				VALIDATE_PRODUCT = YES;
			};
			name = Release;
		};
		DF3B09532CECD3AB00F189B1 /* Debug */ = {
			isa = XCBuildConfiguration;
			baseConfigurationReference = 890606502D2E629400279E6B /* Config.xcconfig */;
			buildSettings = {
				ASSETCATALOG_COMPILER_APPICON_NAME = AppIcon;
				ASSETCATALOG_COMPILER_GLOBAL_ACCENT_COLOR_NAME = AccentColor;
				CODE_SIGN_ENTITLEMENTS = EUMMEYO/EUMMEYODebug.entitlements;
				CODE_SIGN_IDENTITY = "Apple Development";
				"CODE_SIGN_IDENTITY[sdk=iphoneos*]" = "iPhone Developer";
				CODE_SIGN_STYLE = Manual;
				CURRENT_PROJECT_VERSION = 14;
				DEBUG_INFORMATION_FORMAT = dwarf;
				DEVELOPMENT_ASSET_PATHS = "\"EUMMEYO/Preview Content\"";
				DEVELOPMENT_TEAM = "";
				"DEVELOPMENT_TEAM[sdk=iphoneos*]" = LGX4B4WC66;
				ENABLE_PREVIEWS = YES;
				GENERATE_INFOPLIST_FILE = YES;
				INFOPLIST_FILE = EUMMEYO/Info.plist;
				INFOPLIST_KEY_CFBundleDisplayName = "음메요";
				INFOPLIST_KEY_NSMicrophoneUsageDescription = "이 앱은 음성 녹음 기록 기능을 제공하기 위해 마이크 접근 권한이 필요합니다.";
				INFOPLIST_KEY_UIApplicationSceneManifest_Generation = YES;
				INFOPLIST_KEY_UIApplicationSupportsIndirectInputEvents = YES;
				INFOPLIST_KEY_UILaunchScreen_Generation = YES;
				INFOPLIST_KEY_UIRequiresFullScreen = YES;
				INFOPLIST_KEY_UISupportedInterfaceOrientations = UIInterfaceOrientationPortrait;
				INFOPLIST_KEY_UIUserInterfaceStyle = Light;
				IPHONEOS_DEPLOYMENT_TARGET = 17.0;
				LD_RUNPATH_SEARCH_PATHS = (
					"$(inherited)",
					"@executable_path/Frameworks",
				);
				MARKETING_VERSION = 1.0.0;
				PRODUCT_BUNDLE_IDENTIFIER = com.reti.EUMMEYO;
				PRODUCT_NAME = "$(TARGET_NAME)";
				PROVISIONING_PROFILE_SPECIFIER = "";
				"PROVISIONING_PROFILE_SPECIFIER[sdk=iphoneos*]" = "match Development com.reti.EUMMEYO";
				SUPPORTED_PLATFORMS = "iphoneos iphonesimulator";
				SUPPORTS_MACCATALYST = NO;
				SUPPORTS_XR_DESIGNED_FOR_IPHONE_IPAD = NO;
				SWIFT_EMIT_LOC_STRINGS = YES;
				SWIFT_VERSION = 5.0;
				TARGETED_DEVICE_FAMILY = 1;
			};
			name = Debug;
		};
		DF3B09542CECD3AB00F189B1 /* Release */ = {
			isa = XCBuildConfiguration;
			baseConfigurationReference = 890606502D2E629400279E6B /* Config.xcconfig */;
			buildSettings = {
				ASSETCATALOG_COMPILER_APPICON_NAME = AppIcon;
				ASSETCATALOG_COMPILER_GLOBAL_ACCENT_COLOR_NAME = AccentColor;
				CODE_SIGN_ENTITLEMENTS = EUMMEYO/EUMMEYO.entitlements;
				CODE_SIGN_IDENTITY = "Apple Development";
				"CODE_SIGN_IDENTITY[sdk=iphoneos*]" = "iPhone Developer";
				CODE_SIGN_STYLE = Manual;
				CURRENT_PROJECT_VERSION = 14;
				DEBUG_INFORMATION_FORMAT = dwarf;
				DEVELOPMENT_ASSET_PATHS = "\"EUMMEYO/Preview Content\"";
				DEVELOPMENT_TEAM = "";
				"DEVELOPMENT_TEAM[sdk=iphoneos*]" = LGX4B4WC66;
				ENABLE_PREVIEWS = YES;
				GENERATE_INFOPLIST_FILE = YES;
				INFOPLIST_FILE = EUMMEYO/Info.plist;
				INFOPLIST_KEY_CFBundleDisplayName = "음메요";
				INFOPLIST_KEY_NSMicrophoneUsageDescription = "이 앱은 음성 녹음 기록 기능을 제공하기 위해 마이크 접근 권한이 필요합니다.";
				INFOPLIST_KEY_UIApplicationSceneManifest_Generation = YES;
				INFOPLIST_KEY_UIApplicationSupportsIndirectInputEvents = YES;
				INFOPLIST_KEY_UILaunchScreen_Generation = YES;
				INFOPLIST_KEY_UIRequiresFullScreen = YES;
				INFOPLIST_KEY_UISupportedInterfaceOrientations = UIInterfaceOrientationPortrait;
				INFOPLIST_KEY_UIUserInterfaceStyle = Light;
				IPHONEOS_DEPLOYMENT_TARGET = 17.0;
				LD_RUNPATH_SEARCH_PATHS = (
					"$(inherited)",
					"@executable_path/Frameworks",
				);
				MARKETING_VERSION = 1.0.0;
				PRODUCT_BUNDLE_IDENTIFIER = com.reti.EUMMEYO;
				PRODUCT_NAME = "$(TARGET_NAME)";
				PROVISIONING_PROFILE_SPECIFIER = "";
				"PROVISIONING_PROFILE_SPECIFIER[sdk=iphoneos*]" = "match Development com.reti.EUMMEYO";
				SUPPORTED_PLATFORMS = "iphoneos iphonesimulator";
				SUPPORTS_MACCATALYST = NO;
				SUPPORTS_XR_DESIGNED_FOR_IPHONE_IPAD = NO;
				SWIFT_EMIT_LOC_STRINGS = YES;
				SWIFT_VERSION = 5.0;
				TARGETED_DEVICE_FAMILY = 1;
			};
			name = Release;
		};
/* End XCBuildConfiguration section */

/* Begin XCConfigurationList section */
		DF3B093F2CECD3AA00F189B1 /* Build configuration list for PBXProject "EUMMEYO" */ = {
			isa = XCConfigurationList;
			buildConfigurations = (
				DF3B09502CECD3AB00F189B1 /* Debug */,
				DF3B09512CECD3AB00F189B1 /* Release */,
			);
			defaultConfigurationIsVisible = 0;
			defaultConfigurationName = Release;
		};
		DF3B09522CECD3AB00F189B1 /* Build configuration list for PBXNativeTarget "EUMMEYO" */ = {
			isa = XCConfigurationList;
			buildConfigurations = (
				DF3B09532CECD3AB00F189B1 /* Debug */,
				DF3B09542CECD3AB00F189B1 /* Release */,
			);
			defaultConfigurationIsVisible = 0;
			defaultConfigurationName = Release;
		};
/* End XCConfigurationList section */

/* Begin XCRemoteSwiftPackageReference section */
		DFA7B0432D23A8F200F79959 /* XCRemoteSwiftPackageReference "firebase-ios-sdk" */ = {
			isa = XCRemoteSwiftPackageReference;
			repositoryURL = "https://github.com/firebase/firebase-ios-sdk";
			requirement = {
				kind = upToNextMajorVersion;
				minimumVersion = 11.6.0;
			};
		};
		DFA7B0482D23A91200F79959 /* XCRemoteSwiftPackageReference "GoogleSignIn-iOS" */ = {
			isa = XCRemoteSwiftPackageReference;
			repositoryURL = "https://github.com/google/GoogleSignIn-iOS";
			requirement = {
				kind = upToNextMajorVersion;
				minimumVersion = 8.0.0;
			};
		};
/* End XCRemoteSwiftPackageReference section */

/* Begin XCSwiftPackageProductDependency section */
		A788289E2D6C78A3000252D6 /* FirebaseStorage */ = {
			isa = XCSwiftPackageProductDependency;
			package = DFA7B0432D23A8F200F79959 /* XCRemoteSwiftPackageReference "firebase-ios-sdk" */;
			productName = FirebaseStorage;
		};
		A78828A02D6C7B64000252D6 /* FirebaseFirestore */ = {
			isa = XCSwiftPackageProductDependency;
			package = DFA7B0432D23A8F200F79959 /* XCRemoteSwiftPackageReference "firebase-ios-sdk" */;
			productName = FirebaseFirestore;
		};
		DFA7B0442D23A8F200F79959 /* FirebaseAuth */ = {
			isa = XCSwiftPackageProductDependency;
			package = DFA7B0432D23A8F200F79959 /* XCRemoteSwiftPackageReference "firebase-ios-sdk" */;
			productName = FirebaseAuth;
		};
		DFA7B0462D23A8F200F79959 /* FirebaseDatabase */ = {
			isa = XCSwiftPackageProductDependency;
			package = DFA7B0432D23A8F200F79959 /* XCRemoteSwiftPackageReference "firebase-ios-sdk" */;
			productName = FirebaseDatabase;
		};
		DFA7B0492D23A91200F79959 /* GoogleSignIn */ = {
			isa = XCSwiftPackageProductDependency;
			package = DFA7B0482D23A91200F79959 /* XCRemoteSwiftPackageReference "GoogleSignIn-iOS" */;
			productName = GoogleSignIn;
		};
		DFA7B04B2D23A91200F79959 /* GoogleSignInSwift */ = {
			isa = XCSwiftPackageProductDependency;
			package = DFA7B0482D23A91200F79959 /* XCRemoteSwiftPackageReference "GoogleSignIn-iOS" */;
			productName = GoogleSignInSwift;
		};
/* End XCSwiftPackageProductDependency section */
	};
	rootObject = DF3B093C2CECD3AA00F189B1 /* Project object */;
}
